// !$*UTF8*$!
{
	archiveVersion = 1;
	classes = {
	};
	objectVersion = 46;
	objects = {

/* Begin PBXBuildFile section */
		C838F7521D3CDF5B002A3D71 /* main.m in Sources */ = {isa = PBXBuildFile; fileRef = C838F7511D3CDF5B002A3D71 /* main.m */; };
		C838F7551D3CDF5B002A3D71 /* AppDelegate.m in Sources */ = {isa = PBXBuildFile; fileRef = C838F7541D3CDF5B002A3D71 /* AppDelegate.m */; };
		C838F7581D3CDF5B002A3D71 /* ViewController.m in Sources */ = {isa = PBXBuildFile; fileRef = C838F7571D3CDF5B002A3D71 /* ViewController.m */; };
		C838F75B1D3CDF5B002A3D71 /* Main.storyboard in Resources */ = {isa = PBXBuildFile; fileRef = C838F7591D3CDF5B002A3D71 /* Main.storyboard */; };
		C838F75D1D3CDF5B002A3D71 /* Assets.xcassets in Resources */ = {isa = PBXBuildFile; fileRef = C838F75C1D3CDF5B002A3D71 /* Assets.xcassets */; };
		C838F7601D3CDF5B002A3D71 /* LaunchScreen.storyboard in Resources */ = {isa = PBXBuildFile; fileRef = C838F75E1D3CDF5B002A3D71 /* LaunchScreen.storyboard */; };
		C838F76B1D3CDF5B002A3D71 /* ClassAPITestTests.m in Sources */ = {isa = PBXBuildFile; fileRef = C838F76A1D3CDF5B002A3D71 /* ClassAPITestTests.m */; };
		C838F7761D3CDF5B002A3D71 /* ClassAPITestUITests.m in Sources */ = {isa = PBXBuildFile; fileRef = C838F7751D3CDF5B002A3D71 /* ClassAPITestUITests.m */; };
		C838F7841D3CDF8D002A3D71 /* NSArrayTestCase.m in Sources */ = {isa = PBXBuildFile; fileRef = C838F7831D3CDF8D002A3D71 /* NSArrayTestCase.m */; };
		E190CBC31FEBB1BD003F9D76 /* Circle.m in Sources */ = {isa = PBXBuildFile; fileRef = E190CBC21FEBB1BD003F9D76 /* Circle.m */; };
		E190CBC61FEBB1CD003F9D76 /* Square.m in Sources */ = {isa = PBXBuildFile; fileRef = E190CBC51FEBB1CD003F9D76 /* Square.m */; };
		E190CBC91FEBB1D6003F9D76 /* Rectangle.m in Sources */ = {isa = PBXBuildFile; fileRef = E190CBC81FEBB1D6003F9D76 /* Rectangle.m */; };
		E190CBCC1FEBB26D003F9D76 /* Shape.m in Sources */ = {isa = PBXBuildFile; fileRef = E190CBCB1FEBB26D003F9D76 /* Shape.m */; };
		E190CBCF1FEBB2C1003F9D76 /* ShapeFactory.m in Sources */ = {isa = PBXBuildFile; fileRef = E190CBCE1FEBB2C1003F9D76 /* ShapeFactory.m */; };
		E190CBD21FEBB31B003F9D76 /* DesignPatternTest.m in Sources */ = {isa = PBXBuildFile; fileRef = E190CBD11FEBB31B003F9D76 /* DesignPatternTest.m */; };
		E190CBF31FEBC479003F9D76 /* AbstractFactory.m in Sources */ = {isa = PBXBuildFile; fileRef = E190CBE91FEBC479003F9D76 /* AbstractFactory.m */; };
		E190CBF41FEBC479003F9D76 /* ZDColor.m in Sources */ = {isa = PBXBuildFile; fileRef = E190CBEA1FEBC479003F9D76 /* ZDColor.m */; };
		E190CBF51FEBC479003F9D76 /* ZDShape.m in Sources */ = {isa = PBXBuildFile; fileRef = E190CBEB1FEBC479003F9D76 /* ZDShape.m */; };
		E190CBF61FEBC479003F9D76 /* FactoryProducer.m in Sources */ = {isa = PBXBuildFile; fileRef = E190CBED1FEBC479003F9D76 /* FactoryProducer.m */; };
		E190CBF71FEBC479003F9D76 /* ZDColorFactory.m in Sources */ = {isa = PBXBuildFile; fileRef = E190CBEF1FEBC479003F9D76 /* ZDColorFactory.m */; };
		E190CBF81FEBC479003F9D76 /* ZDShapFactory.m in Sources */ = {isa = PBXBuildFile; fileRef = E190CBF11FEBC479003F9D76 /* ZDShapFactory.m */; };
		E190CBFB1FEBC506003F9D76 /* ZDRed.m in Sources */ = {isa = PBXBuildFile; fileRef = E190CBFA1FEBC506003F9D76 /* ZDRed.m */; };
		E190CBFE1FEBC528003F9D76 /* ZDCircle.m in Sources */ = {isa = PBXBuildFile; fileRef = E190CBFD1FEBC528003F9D76 /* ZDCircle.m */; };
		E190CC011FEBC8BA003F9D76 /* ShapCache.m in Sources */ = {isa = PBXBuildFile; fileRef = E190CC001FEBC8BA003F9D76 /* ShapCache.m */; };
		E190CC041FEBCB49003F9D76 /* Builder.m in Sources */ = {isa = PBXBuildFile; fileRef = E190CC031FEBCB49003F9D76 /* Builder.m */; };
		E190CC071FEBCB5C003F9D76 /* Meal.m in Sources */ = {isa = PBXBuildFile; fileRef = E190CC061FEBCB5C003F9D76 /* Meal.m */; };
		E190CC0A1FEBCB7C003F9D76 /* Item.m in Sources */ = {isa = PBXBuildFile; fileRef = E190CC091FEBCB7C003F9D76 /* Item.m */; };
		E190CC0D1FEBCB87003F9D76 /* Packing.m in Sources */ = {isa = PBXBuildFile; fileRef = E190CC0C1FEBCB87003F9D76 /* Packing.m */; };
		E190CC101FEBCB96003F9D76 /* MealBuilder.m in Sources */ = {isa = PBXBuildFile; fileRef = E190CC0F1FEBCB96003F9D76 /* MealBuilder.m */; };
		E190CC131FEBCBAF003F9D76 /* Burger.m in Sources */ = {isa = PBXBuildFile; fileRef = E190CC121FEBCBAF003F9D76 /* Burger.m */; };
		E190CC161FEBCBD5003F9D76 /* Wrapper.m in Sources */ = {isa = PBXBuildFile; fileRef = E190CC151FEBCBD5003F9D76 /* Wrapper.m */; };
		E190CC191FEBCDE7003F9D76 /* SingleObject.m in Sources */ = {isa = PBXBuildFile; fileRef = E190CC181FEBCDE7003F9D76 /* SingleObject.m */; };
		E190CC1C1FEBCE4B003F9D76 /* Strategy.m in Sources */ = {isa = PBXBuildFile; fileRef = E190CC1B1FEBCE4B003F9D76 /* Strategy.m */; };
		E190CC1F1FEBCE5A003F9D76 /* Context.m in Sources */ = {isa = PBXBuildFile; fileRef = E190CC1E1FEBCE5A003F9D76 /* Context.m */; };
		E190CC221FEBCE6C003F9D76 /* OpearationAdd.m in Sources */ = {isa = PBXBuildFile; fileRef = E190CC211FEBCE6C003F9D76 /* OpearationAdd.m */; };
		E190CC261FEBD28E003F9D76 /* Criteria.m in Sources */ = {isa = PBXBuildFile; fileRef = E190CC251FEBD28E003F9D76 /* Criteria.m */; };
		E190CC291FEBD2A8003F9D76 /* AndCriteria.m in Sources */ = {isa = PBXBuildFile; fileRef = E190CC281FEBD2A8003F9D76 /* AndCriteria.m */; };
		E190CC2C1FEBD2BE003F9D76 /* OrCriteria.m in Sources */ = {isa = PBXBuildFile; fileRef = E190CC2B1FEBD2BE003F9D76 /* OrCriteria.m */; };
		E190CC2F1FEBD2C7003F9D76 /* Person.m in Sources */ = {isa = PBXBuildFile; fileRef = E190CC2E1FEBD2C7003F9D76 /* Person.m */; };
		E190CC321FEBD3AD003F9D76 /* CriteriaMale.m in Sources */ = {isa = PBXBuildFile; fileRef = E190CC311FEBD3AD003F9D76 /* CriteriaMale.m */; };
		E190CC351FEBD74E003F9D76 /* CriteriaSingle.m in Sources */ = {isa = PBXBuildFile; fileRef = E190CC341FEBD74E003F9D76 /* CriteriaSingle.m */; };
		E190CC381FEBDADB003F9D76 /* ShapeDecorator.m in Sources */ = {isa = PBXBuildFile; fileRef = E190CC371FEBDADB003F9D76 /* ShapeDecorator.m */; };
		E190CC3B1FEBDB01003F9D76 /* RedShapeDecorator.m in Sources */ = {isa = PBXBuildFile; fileRef = E190CC3A1FEBDB01003F9D76 /* RedShapeDecorator.m */; };
		E190CC3E1FEBDE4A003F9D76 /* ShapeMaker.m in Sources */ = {isa = PBXBuildFile; fileRef = E190CC3D1FEBDE4A003F9D76 /* ShapeMaker.m */; };
		E190CC411FEBDF41003F9D76 /* State.m in Sources */ = {isa = PBXBuildFile; fileRef = E190CC401FEBDF41003F9D76 /* State.m */; };
		E190CC441FEBDF56003F9D76 /* StartState.m in Sources */ = {isa = PBXBuildFile; fileRef = E190CC431FEBDF56003F9D76 /* StartState.m */; };
		E190CC471FEBDF60003F9D76 /* StopState.m in Sources */ = {isa = PBXBuildFile; fileRef = E190CC461FEBDF60003F9D76 /* StopState.m */; };
		E190CC4A1FEBDF75003F9D76 /* StateContext.m in Sources */ = {isa = PBXBuildFile; fileRef = E190CC491FEBDF75003F9D76 /* StateContext.m */; };
		E190CC4D1FF0AAB9003F9D76 /* Platform.m in Sources */ = {isa = PBXBuildFile; fileRef = E190CC4C1FF0AAB9003F9D76 /* Platform.m */; };
		E190CC501FF0AAC1003F9D76 /* Monkey.m in Sources */ = {isa = PBXBuildFile; fileRef = E190CC4F1FF0AAC1003F9D76 /* Monkey.m */; };
		E190CC531FF0AB11003F9D76 /* WinPlatform.m in Sources */ = {isa = PBXBuildFile; fileRef = E190CC521FF0AB11003F9D76 /* WinPlatform.m */; };
		E190CC561FF0AB1B003F9D76 /* MacPlatform.m in Sources */ = {isa = PBXBuildFile; fileRef = E190CC551FF0AB1B003F9D76 /* MacPlatform.m */; };
		E190CC591FF0AB2A003F9D76 /* AndroidMonkey.m in Sources */ = {isa = PBXBuildFile; fileRef = E190CC581FF0AB2A003F9D76 /* AndroidMonkey.m */; };
		E190CC5C1FF0AB31003F9D76 /* IosMonkey.m in Sources */ = {isa = PBXBuildFile; fileRef = E190CC5B1FF0AB31003F9D76 /* IosMonkey.m */; };
		E199C33E1FF1DC3D00F2DE0A /* FlyWeightShapFactory.m in Sources */ = {isa = PBXBuildFile; fileRef = E199C33D1FF1DC3D00F2DE0A /* FlyWeightShapFactory.m */; };
		E199C3411FF1E21600F2DE0A /* Command.m in Sources */ = {isa = PBXBuildFile; fileRef = E199C3401FF1E21600F2DE0A /* Command.m */; };
		E199C3441FF1E28B00F2DE0A /* TVOnCommand.m in Sources */ = {isa = PBXBuildFile; fileRef = E199C3431FF1E28B00F2DE0A /* TVOnCommand.m */; };
		E199C3471FF1E29C00F2DE0A /* LightOnCommand.m in Sources */ = {isa = PBXBuildFile; fileRef = E199C3461FF1E29C00F2DE0A /* LightOnCommand.m */; };
		E199C34A1FF1E2CA00F2DE0A /* HouseHoldAppliances.m in Sources */ = {isa = PBXBuildFile; fileRef = E199C3491FF1E2CA00F2DE0A /* HouseHoldAppliances.m */; };
		E199C34D1FF1E2DB00F2DE0A /* TV.m in Sources */ = {isa = PBXBuildFile; fileRef = E199C34C1FF1E2DB00F2DE0A /* TV.m */; };
		E199C3501FF1E2E400F2DE0A /* Light.m in Sources */ = {isa = PBXBuildFile; fileRef = E199C34F1FF1E2E400F2DE0A /* Light.m */; };
		E199C3531FF1E2F600F2DE0A /* MiPhtone.m in Sources */ = {isa = PBXBuildFile; fileRef = E199C3521FF1E2F600F2DE0A /* MiPhtone.m */; };
		E199C3561FF4840200F2DE0A /* Subject.m in Sources */ = {isa = PBXBuildFile; fileRef = E199C3551FF4840200F2DE0A /* Subject.m */; };
		E199C3591FF4840E00F2DE0A /* Observer.m in Sources */ = {isa = PBXBuildFile; fileRef = E199C3581FF4840E00F2DE0A /* Observer.m */; };
		E199C35C1FF488CD00F2DE0A /* User.m in Sources */ = {isa = PBXBuildFile; fileRef = E199C35B1FF488CD00F2DE0A /* User.m */; };
		E199C35F1FF488D600F2DE0A /* ChatRoom.m in Sources */ = {isa = PBXBuildFile; fileRef = E199C35E1FF488D600F2DE0A /* ChatRoom.m */; };
		E199C3621FF48B2E00F2DE0A /* Originator.m in Sources */ = {isa = PBXBuildFile; fileRef = E199C3611FF48B2E00F2DE0A /* Originator.m */; };
		E199C3651FF48B3B00F2DE0A /* Memento.m in Sources */ = {isa = PBXBuildFile; fileRef = E199C3641FF48B3B00F2DE0A /* Memento.m */; };
		E199C3681FF48B4700F2DE0A /* CareTaker.m in Sources */ = {isa = PBXBuildFile; fileRef = E199C3671FF48B4700F2DE0A /* CareTaker.m */; };
		E199C36B1FF4925200F2DE0A /* AbstractLogger.m in Sources */ = {isa = PBXBuildFile; fileRef = E199C36A1FF4925200F2DE0A /* AbstractLogger.m */; };
		E199C36E1FF4939300F2DE0A /* ConsoleLogger.m in Sources */ = {isa = PBXBuildFile; fileRef = E199C36D1FF4939300F2DE0A /* ConsoleLogger.m */; };
		E199C3711FF4939D00F2DE0A /* ErrorLogger.m in Sources */ = {isa = PBXBuildFile; fileRef = E199C3701FF4939D00F2DE0A /* ErrorLogger.m */; };
		E199C3741FF493A600F2DE0A /* FileLogger.m in Sources */ = {isa = PBXBuildFile; fileRef = E199C3731FF493A600F2DE0A /* FileLogger.m */; };
		E199EA1B20A0538400A1DD37 /* DependenceInversion.m in Sources */ = {isa = PBXBuildFile; fileRef = E199EA1A20A0538400A1DD37 /* DependenceInversion.m */; };
		E199EA1E20A05D2600A1DD37 /* OpenClosed.m in Sources */ = {isa = PBXBuildFile; fileRef = E199EA1D20A05D2600A1DD37 /* OpenClosed.m */; };
		E199EA2120A13E3700A1DD37 /* InterfaceSegregation.m in Sources */ = {isa = PBXBuildFile; fileRef = E199EA2020A13E3700A1DD37 /* InterfaceSegregation.m */; };
		E199EA2420A13EC300A1DD37 /* SingleResponsibility.m in Sources */ = {isa = PBXBuildFile; fileRef = E199EA2320A13EC300A1DD37 /* SingleResponsibility.m */; };
		E199EA2720A1497100A1DD37 /* LiskovSubstitution.m in Sources */ = {isa = PBXBuildFile; fileRef = E199EA2620A1497100A1DD37 /* LiskovSubstitution.m */; };
		E199EA2A20A14AFA00A1DD37 /* LawOfDemeter.m in Sources */ = {isa = PBXBuildFile; fileRef = E199EA2920A14AFA00A1DD37 /* LawOfDemeter.m */; };
		E1B73E1920897AAC00CCA774 /* WTYSortAlgorithm.m in Sources */ = {isa = PBXBuildFile; fileRef = E1B73E1820897AAC00CCA774 /* WTYSortAlgorithm.m */; };
		E1B73E1B2089835A00CCA774 /* WTYSortAlgorithmTestCase.m in Sources */ = {isa = PBXBuildFile; fileRef = E1B73E1A2089835A00CCA774 /* WTYSortAlgorithmTestCase.m */; };
		E1DBDE84207F028700CB8A79 /* BinaryTree.m in Sources */ = {isa = PBXBuildFile; fileRef = E1DBDE82207F028700CB8A79 /* BinaryTree.m */; };
		E1DBDE8D207F174E00CB8A79 /* DataStructureTest.m in Sources */ = {isa = PBXBuildFile; fileRef = E1DBDE8C207F174E00CB8A79 /* DataStructureTest.m */; };
		E1DBDE8F207F409600CB8A79 /* BinaryTreeTestCase.m in Sources */ = {isa = PBXBuildFile; fileRef = E1DBDE8E207F409500CB8A79 /* BinaryTreeTestCase.m */; };
/* End PBXBuildFile section */

/* Begin PBXContainerItemProxy section */
		C838F7671D3CDF5B002A3D71 /* PBXContainerItemProxy */ = {
			isa = PBXContainerItemProxy;
			containerPortal = C838F7451D3CDF5B002A3D71 /* Project object */;
			proxyType = 1;
			remoteGlobalIDString = C838F74C1D3CDF5B002A3D71;
			remoteInfo = ClassAPITest;
		};
		C838F7721D3CDF5B002A3D71 /* PBXContainerItemProxy */ = {
			isa = PBXContainerItemProxy;
			containerPortal = C838F7451D3CDF5B002A3D71 /* Project object */;
			proxyType = 1;
			remoteGlobalIDString = C838F74C1D3CDF5B002A3D71;
			remoteInfo = ClassAPITest;
		};
/* End PBXContainerItemProxy section */

/* Begin PBXFileReference section */
		C838F74D1D3CDF5B002A3D71 /* ClassAPITest.app */ = {isa = PBXFileReference; explicitFileType = wrapper.application; includeInIndex = 0; path = ClassAPITest.app; sourceTree = BUILT_PRODUCTS_DIR; };
		C838F7511D3CDF5B002A3D71 /* main.m */ = {isa = PBXFileReference; lastKnownFileType = sourcecode.c.objc; path = main.m; sourceTree = "<group>"; };
		C838F7531D3CDF5B002A3D71 /* AppDelegate.h */ = {isa = PBXFileReference; lastKnownFileType = sourcecode.c.h; path = AppDelegate.h; sourceTree = "<group>"; };
		C838F7541D3CDF5B002A3D71 /* AppDelegate.m */ = {isa = PBXFileReference; lastKnownFileType = sourcecode.c.objc; path = AppDelegate.m; sourceTree = "<group>"; };
		C838F7561D3CDF5B002A3D71 /* ViewController.h */ = {isa = PBXFileReference; lastKnownFileType = sourcecode.c.h; path = ViewController.h; sourceTree = "<group>"; };
		C838F7571D3CDF5B002A3D71 /* ViewController.m */ = {isa = PBXFileReference; lastKnownFileType = sourcecode.c.objc; path = ViewController.m; sourceTree = "<group>"; };
		C838F75A1D3CDF5B002A3D71 /* Base */ = {isa = PBXFileReference; lastKnownFileType = file.storyboard; name = Base; path = Base.lproj/Main.storyboard; sourceTree = "<group>"; };
		C838F75C1D3CDF5B002A3D71 /* Assets.xcassets */ = {isa = PBXFileReference; lastKnownFileType = folder.assetcatalog; path = Assets.xcassets; sourceTree = "<group>"; };
		C838F75F1D3CDF5B002A3D71 /* Base */ = {isa = PBXFileReference; lastKnownFileType = file.storyboard; name = Base; path = Base.lproj/LaunchScreen.storyboard; sourceTree = "<group>"; };
		C838F7611D3CDF5B002A3D71 /* Info.plist */ = {isa = PBXFileReference; lastKnownFileType = text.plist.xml; path = Info.plist; sourceTree = "<group>"; };
		C838F7661D3CDF5B002A3D71 /* ClassAPITestTests.xctest */ = {isa = PBXFileReference; explicitFileType = wrapper.cfbundle; includeInIndex = 0; path = ClassAPITestTests.xctest; sourceTree = BUILT_PRODUCTS_DIR; };
		C838F76A1D3CDF5B002A3D71 /* ClassAPITestTests.m */ = {isa = PBXFileReference; lastKnownFileType = sourcecode.c.objc; path = ClassAPITestTests.m; sourceTree = "<group>"; };
		C838F76C1D3CDF5B002A3D71 /* Info.plist */ = {isa = PBXFileReference; lastKnownFileType = text.plist.xml; path = Info.plist; sourceTree = "<group>"; };
		C838F7711D3CDF5B002A3D71 /* ClassAPITestUITests.xctest */ = {isa = PBXFileReference; explicitFileType = wrapper.cfbundle; includeInIndex = 0; path = ClassAPITestUITests.xctest; sourceTree = BUILT_PRODUCTS_DIR; };
		C838F7751D3CDF5B002A3D71 /* ClassAPITestUITests.m */ = {isa = PBXFileReference; lastKnownFileType = sourcecode.c.objc; path = ClassAPITestUITests.m; sourceTree = "<group>"; };
		C838F7771D3CDF5B002A3D71 /* Info.plist */ = {isa = PBXFileReference; lastKnownFileType = text.plist.xml; path = Info.plist; sourceTree = "<group>"; };
		C838F7831D3CDF8D002A3D71 /* NSArrayTestCase.m */ = {isa = PBXFileReference; fileEncoding = 4; lastKnownFileType = sourcecode.c.objc; path = NSArrayTestCase.m; sourceTree = "<group>"; };
		E190CBC11FEBB1BD003F9D76 /* Circle.h */ = {isa = PBXFileReference; lastKnownFileType = sourcecode.c.h; path = Circle.h; sourceTree = "<group>"; };
		E190CBC21FEBB1BD003F9D76 /* Circle.m */ = {isa = PBXFileReference; lastKnownFileType = sourcecode.c.objc; path = Circle.m; sourceTree = "<group>"; };
		E190CBC41FEBB1CD003F9D76 /* Square.h */ = {isa = PBXFileReference; lastKnownFileType = sourcecode.c.h; path = Square.h; sourceTree = "<group>"; };
		E190CBC51FEBB1CD003F9D76 /* Square.m */ = {isa = PBXFileReference; lastKnownFileType = sourcecode.c.objc; path = Square.m; sourceTree = "<group>"; };
		E190CBC71FEBB1D6003F9D76 /* Rectangle.h */ = {isa = PBXFileReference; lastKnownFileType = sourcecode.c.h; path = Rectangle.h; sourceTree = "<group>"; };
		E190CBC81FEBB1D6003F9D76 /* Rectangle.m */ = {isa = PBXFileReference; lastKnownFileType = sourcecode.c.objc; path = Rectangle.m; sourceTree = "<group>"; };
		E190CBCA1FEBB26D003F9D76 /* Shape.h */ = {isa = PBXFileReference; lastKnownFileType = sourcecode.c.h; path = Shape.h; sourceTree = "<group>"; };
		E190CBCB1FEBB26D003F9D76 /* Shape.m */ = {isa = PBXFileReference; lastKnownFileType = sourcecode.c.objc; path = Shape.m; sourceTree = "<group>"; };
		E190CBCD1FEBB2C1003F9D76 /* ShapeFactory.h */ = {isa = PBXFileReference; lastKnownFileType = sourcecode.c.h; path = ShapeFactory.h; sourceTree = "<group>"; };
		E190CBCE1FEBB2C1003F9D76 /* ShapeFactory.m */ = {isa = PBXFileReference; lastKnownFileType = sourcecode.c.objc; path = ShapeFactory.m; sourceTree = "<group>"; };
		E190CBD01FEBB31B003F9D76 /* DesignPatternTest.h */ = {isa = PBXFileReference; lastKnownFileType = sourcecode.c.h; path = DesignPatternTest.h; sourceTree = "<group>"; };
		E190CBD11FEBB31B003F9D76 /* DesignPatternTest.m */ = {isa = PBXFileReference; lastKnownFileType = sourcecode.c.objc; path = DesignPatternTest.m; sourceTree = "<group>"; };
		E190CBE51FEBC479003F9D76 /* FactoryProducer.h */ = {isa = PBXFileReference; fileEncoding = 4; lastKnownFileType = sourcecode.c.h; path = FactoryProducer.h; sourceTree = "<group>"; };
		E190CBE71FEBC479003F9D76 /* ZDShape.h */ = {isa = PBXFileReference; fileEncoding = 4; lastKnownFileType = sourcecode.c.h; path = ZDShape.h; sourceTree = "<group>"; };
		E190CBE81FEBC479003F9D76 /* ZDColor.h */ = {isa = PBXFileReference; fileEncoding = 4; lastKnownFileType = sourcecode.c.h; path = ZDColor.h; sourceTree = "<group>"; };
		E190CBE91FEBC479003F9D76 /* AbstractFactory.m */ = {isa = PBXFileReference; fileEncoding = 4; lastKnownFileType = sourcecode.c.objc; path = AbstractFactory.m; sourceTree = "<group>"; };
		E190CBEA1FEBC479003F9D76 /* ZDColor.m */ = {isa = PBXFileReference; fileEncoding = 4; lastKnownFileType = sourcecode.c.objc; path = ZDColor.m; sourceTree = "<group>"; };
		E190CBEB1FEBC479003F9D76 /* ZDShape.m */ = {isa = PBXFileReference; fileEncoding = 4; lastKnownFileType = sourcecode.c.objc; path = ZDShape.m; sourceTree = "<group>"; };
		E190CBEC1FEBC479003F9D76 /* AbstractFactory.h */ = {isa = PBXFileReference; fileEncoding = 4; lastKnownFileType = sourcecode.c.h; path = AbstractFactory.h; sourceTree = "<group>"; };
		E190CBED1FEBC479003F9D76 /* FactoryProducer.m */ = {isa = PBXFileReference; fileEncoding = 4; lastKnownFileType = sourcecode.c.objc; path = FactoryProducer.m; sourceTree = "<group>"; };
		E190CBEF1FEBC479003F9D76 /* ZDColorFactory.m */ = {isa = PBXFileReference; fileEncoding = 4; lastKnownFileType = sourcecode.c.objc; path = ZDColorFactory.m; sourceTree = "<group>"; };
		E190CBF01FEBC479003F9D76 /* ZDShapFactory.h */ = {isa = PBXFileReference; fileEncoding = 4; lastKnownFileType = sourcecode.c.h; path = ZDShapFactory.h; sourceTree = "<group>"; };
		E190CBF11FEBC479003F9D76 /* ZDShapFactory.m */ = {isa = PBXFileReference; fileEncoding = 4; lastKnownFileType = sourcecode.c.objc; path = ZDShapFactory.m; sourceTree = "<group>"; };
		E190CBF21FEBC479003F9D76 /* ZDColorFactory.h */ = {isa = PBXFileReference; fileEncoding = 4; lastKnownFileType = sourcecode.c.h; path = ZDColorFactory.h; sourceTree = "<group>"; };
		E190CBF91FEBC506003F9D76 /* ZDRed.h */ = {isa = PBXFileReference; lastKnownFileType = sourcecode.c.h; path = ZDRed.h; sourceTree = "<group>"; };
		E190CBFA1FEBC506003F9D76 /* ZDRed.m */ = {isa = PBXFileReference; lastKnownFileType = sourcecode.c.objc; path = ZDRed.m; sourceTree = "<group>"; };
		E190CBFC1FEBC528003F9D76 /* ZDCircle.h */ = {isa = PBXFileReference; lastKnownFileType = sourcecode.c.h; path = ZDCircle.h; sourceTree = "<group>"; };
		E190CBFD1FEBC528003F9D76 /* ZDCircle.m */ = {isa = PBXFileReference; lastKnownFileType = sourcecode.c.objc; path = ZDCircle.m; sourceTree = "<group>"; };
		E190CBFF1FEBC8BA003F9D76 /* ShapCache.h */ = {isa = PBXFileReference; lastKnownFileType = sourcecode.c.h; path = ShapCache.h; sourceTree = "<group>"; };
		E190CC001FEBC8BA003F9D76 /* ShapCache.m */ = {isa = PBXFileReference; lastKnownFileType = sourcecode.c.objc; path = ShapCache.m; sourceTree = "<group>"; };
		E190CC021FEBCB49003F9D76 /* Builder.h */ = {isa = PBXFileReference; lastKnownFileType = sourcecode.c.h; path = Builder.h; sourceTree = "<group>"; };
		E190CC031FEBCB49003F9D76 /* Builder.m */ = {isa = PBXFileReference; lastKnownFileType = sourcecode.c.objc; path = Builder.m; sourceTree = "<group>"; };
		E190CC051FEBCB5C003F9D76 /* Meal.h */ = {isa = PBXFileReference; lastKnownFileType = sourcecode.c.h; path = Meal.h; sourceTree = "<group>"; };
		E190CC061FEBCB5C003F9D76 /* Meal.m */ = {isa = PBXFileReference; lastKnownFileType = sourcecode.c.objc; path = Meal.m; sourceTree = "<group>"; };
		E190CC081FEBCB7C003F9D76 /* Item.h */ = {isa = PBXFileReference; lastKnownFileType = sourcecode.c.h; path = Item.h; sourceTree = "<group>"; };
		E190CC091FEBCB7C003F9D76 /* Item.m */ = {isa = PBXFileReference; lastKnownFileType = sourcecode.c.objc; path = Item.m; sourceTree = "<group>"; };
		E190CC0B1FEBCB87003F9D76 /* Packing.h */ = {isa = PBXFileReference; lastKnownFileType = sourcecode.c.h; path = Packing.h; sourceTree = "<group>"; };
		E190CC0C1FEBCB87003F9D76 /* Packing.m */ = {isa = PBXFileReference; lastKnownFileType = sourcecode.c.objc; path = Packing.m; sourceTree = "<group>"; };
		E190CC0E1FEBCB96003F9D76 /* MealBuilder.h */ = {isa = PBXFileReference; lastKnownFileType = sourcecode.c.h; path = MealBuilder.h; sourceTree = "<group>"; };
		E190CC0F1FEBCB96003F9D76 /* MealBuilder.m */ = {isa = PBXFileReference; lastKnownFileType = sourcecode.c.objc; path = MealBuilder.m; sourceTree = "<group>"; };
		E190CC111FEBCBAF003F9D76 /* Burger.h */ = {isa = PBXFileReference; lastKnownFileType = sourcecode.c.h; path = Burger.h; sourceTree = "<group>"; };
		E190CC121FEBCBAF003F9D76 /* Burger.m */ = {isa = PBXFileReference; lastKnownFileType = sourcecode.c.objc; path = Burger.m; sourceTree = "<group>"; };
		E190CC141FEBCBD5003F9D76 /* Wrapper.h */ = {isa = PBXFileReference; lastKnownFileType = sourcecode.c.h; path = Wrapper.h; sourceTree = "<group>"; };
		E190CC151FEBCBD5003F9D76 /* Wrapper.m */ = {isa = PBXFileReference; lastKnownFileType = sourcecode.c.objc; path = Wrapper.m; sourceTree = "<group>"; };
		E190CC171FEBCDE7003F9D76 /* SingleObject.h */ = {isa = PBXFileReference; lastKnownFileType = sourcecode.c.h; path = SingleObject.h; sourceTree = "<group>"; };
		E190CC181FEBCDE7003F9D76 /* SingleObject.m */ = {isa = PBXFileReference; lastKnownFileType = sourcecode.c.objc; path = SingleObject.m; sourceTree = "<group>"; };
		E190CC1A1FEBCE4B003F9D76 /* Strategy.h */ = {isa = PBXFileReference; lastKnownFileType = sourcecode.c.h; path = Strategy.h; sourceTree = "<group>"; };
		E190CC1B1FEBCE4B003F9D76 /* Strategy.m */ = {isa = PBXFileReference; lastKnownFileType = sourcecode.c.objc; path = Strategy.m; sourceTree = "<group>"; };
		E190CC1D1FEBCE5A003F9D76 /* Context.h */ = {isa = PBXFileReference; lastKnownFileType = sourcecode.c.h; path = Context.h; sourceTree = "<group>"; };
		E190CC1E1FEBCE5A003F9D76 /* Context.m */ = {isa = PBXFileReference; lastKnownFileType = sourcecode.c.objc; path = Context.m; sourceTree = "<group>"; };
		E190CC201FEBCE6C003F9D76 /* OpearationAdd.h */ = {isa = PBXFileReference; lastKnownFileType = sourcecode.c.h; path = OpearationAdd.h; sourceTree = "<group>"; };
		E190CC211FEBCE6C003F9D76 /* OpearationAdd.m */ = {isa = PBXFileReference; lastKnownFileType = sourcecode.c.objc; path = OpearationAdd.m; sourceTree = "<group>"; };
		E190CC241FEBD28E003F9D76 /* Criteria.h */ = {isa = PBXFileReference; lastKnownFileType = sourcecode.c.h; path = Criteria.h; sourceTree = "<group>"; };
		E190CC251FEBD28E003F9D76 /* Criteria.m */ = {isa = PBXFileReference; lastKnownFileType = sourcecode.c.objc; path = Criteria.m; sourceTree = "<group>"; };
		E190CC271FEBD2A8003F9D76 /* AndCriteria.h */ = {isa = PBXFileReference; lastKnownFileType = sourcecode.c.h; path = AndCriteria.h; sourceTree = "<group>"; };
		E190CC281FEBD2A8003F9D76 /* AndCriteria.m */ = {isa = PBXFileReference; lastKnownFileType = sourcecode.c.objc; path = AndCriteria.m; sourceTree = "<group>"; };
		E190CC2A1FEBD2BE003F9D76 /* OrCriteria.h */ = {isa = PBXFileReference; lastKnownFileType = sourcecode.c.h; path = OrCriteria.h; sourceTree = "<group>"; };
		E190CC2B1FEBD2BE003F9D76 /* OrCriteria.m */ = {isa = PBXFileReference; lastKnownFileType = sourcecode.c.objc; path = OrCriteria.m; sourceTree = "<group>"; };
		E190CC2D1FEBD2C7003F9D76 /* Person.h */ = {isa = PBXFileReference; lastKnownFileType = sourcecode.c.h; path = Person.h; sourceTree = "<group>"; };
		E190CC2E1FEBD2C7003F9D76 /* Person.m */ = {isa = PBXFileReference; lastKnownFileType = sourcecode.c.objc; path = Person.m; sourceTree = "<group>"; };
		E190CC301FEBD3AD003F9D76 /* CriteriaMale.h */ = {isa = PBXFileReference; lastKnownFileType = sourcecode.c.h; path = CriteriaMale.h; sourceTree = "<group>"; };
		E190CC311FEBD3AD003F9D76 /* CriteriaMale.m */ = {isa = PBXFileReference; lastKnownFileType = sourcecode.c.objc; path = CriteriaMale.m; sourceTree = "<group>"; };
		E190CC331FEBD74E003F9D76 /* CriteriaSingle.h */ = {isa = PBXFileReference; lastKnownFileType = sourcecode.c.h; path = CriteriaSingle.h; sourceTree = "<group>"; };
		E190CC341FEBD74E003F9D76 /* CriteriaSingle.m */ = {isa = PBXFileReference; lastKnownFileType = sourcecode.c.objc; path = CriteriaSingle.m; sourceTree = "<group>"; };
		E190CC361FEBDADB003F9D76 /* ShapeDecorator.h */ = {isa = PBXFileReference; lastKnownFileType = sourcecode.c.h; path = ShapeDecorator.h; sourceTree = "<group>"; };
		E190CC371FEBDADB003F9D76 /* ShapeDecorator.m */ = {isa = PBXFileReference; lastKnownFileType = sourcecode.c.objc; path = ShapeDecorator.m; sourceTree = "<group>"; };
		E190CC391FEBDB01003F9D76 /* RedShapeDecorator.h */ = {isa = PBXFileReference; lastKnownFileType = sourcecode.c.h; path = RedShapeDecorator.h; sourceTree = "<group>"; };
		E190CC3A1FEBDB01003F9D76 /* RedShapeDecorator.m */ = {isa = PBXFileReference; lastKnownFileType = sourcecode.c.objc; path = RedShapeDecorator.m; sourceTree = "<group>"; };
		E190CC3C1FEBDE4A003F9D76 /* ShapeMaker.h */ = {isa = PBXFileReference; lastKnownFileType = sourcecode.c.h; path = ShapeMaker.h; sourceTree = "<group>"; };
		E190CC3D1FEBDE4A003F9D76 /* ShapeMaker.m */ = {isa = PBXFileReference; lastKnownFileType = sourcecode.c.objc; path = ShapeMaker.m; sourceTree = "<group>"; };
		E190CC3F1FEBDF41003F9D76 /* State.h */ = {isa = PBXFileReference; lastKnownFileType = sourcecode.c.h; path = State.h; sourceTree = "<group>"; };
		E190CC401FEBDF41003F9D76 /* State.m */ = {isa = PBXFileReference; lastKnownFileType = sourcecode.c.objc; path = State.m; sourceTree = "<group>"; };
		E190CC421FEBDF56003F9D76 /* StartState.h */ = {isa = PBXFileReference; lastKnownFileType = sourcecode.c.h; path = StartState.h; sourceTree = "<group>"; };
		E190CC431FEBDF56003F9D76 /* StartState.m */ = {isa = PBXFileReference; lastKnownFileType = sourcecode.c.objc; path = StartState.m; sourceTree = "<group>"; };
		E190CC451FEBDF60003F9D76 /* StopState.h */ = {isa = PBXFileReference; lastKnownFileType = sourcecode.c.h; path = StopState.h; sourceTree = "<group>"; };
		E190CC461FEBDF60003F9D76 /* StopState.m */ = {isa = PBXFileReference; lastKnownFileType = sourcecode.c.objc; path = StopState.m; sourceTree = "<group>"; };
		E190CC481FEBDF75003F9D76 /* StateContext.h */ = {isa = PBXFileReference; lastKnownFileType = sourcecode.c.h; path = StateContext.h; sourceTree = "<group>"; };
		E190CC491FEBDF75003F9D76 /* StateContext.m */ = {isa = PBXFileReference; lastKnownFileType = sourcecode.c.objc; path = StateContext.m; sourceTree = "<group>"; };
		E190CC4B1FF0AAB9003F9D76 /* Platform.h */ = {isa = PBXFileReference; lastKnownFileType = sourcecode.c.h; path = Platform.h; sourceTree = "<group>"; };
		E190CC4C1FF0AAB9003F9D76 /* Platform.m */ = {isa = PBXFileReference; lastKnownFileType = sourcecode.c.objc; path = Platform.m; sourceTree = "<group>"; };
		E190CC4E1FF0AAC1003F9D76 /* Monkey.h */ = {isa = PBXFileReference; lastKnownFileType = sourcecode.c.h; path = Monkey.h; sourceTree = "<group>"; };
		E190CC4F1FF0AAC1003F9D76 /* Monkey.m */ = {isa = PBXFileReference; lastKnownFileType = sourcecode.c.objc; path = Monkey.m; sourceTree = "<group>"; };
		E190CC511FF0AB11003F9D76 /* WinPlatform.h */ = {isa = PBXFileReference; lastKnownFileType = sourcecode.c.h; path = WinPlatform.h; sourceTree = "<group>"; };
		E190CC521FF0AB11003F9D76 /* WinPlatform.m */ = {isa = PBXFileReference; lastKnownFileType = sourcecode.c.objc; path = WinPlatform.m; sourceTree = "<group>"; };
		E190CC541FF0AB1B003F9D76 /* MacPlatform.h */ = {isa = PBXFileReference; lastKnownFileType = sourcecode.c.h; path = MacPlatform.h; sourceTree = "<group>"; };
		E190CC551FF0AB1B003F9D76 /* MacPlatform.m */ = {isa = PBXFileReference; lastKnownFileType = sourcecode.c.objc; path = MacPlatform.m; sourceTree = "<group>"; };
		E190CC571FF0AB2A003F9D76 /* AndroidMonkey.h */ = {isa = PBXFileReference; lastKnownFileType = sourcecode.c.h; path = AndroidMonkey.h; sourceTree = "<group>"; };
		E190CC581FF0AB2A003F9D76 /* AndroidMonkey.m */ = {isa = PBXFileReference; lastKnownFileType = sourcecode.c.objc; path = AndroidMonkey.m; sourceTree = "<group>"; };
		E190CC5A1FF0AB31003F9D76 /* IosMonkey.h */ = {isa = PBXFileReference; lastKnownFileType = sourcecode.c.h; path = IosMonkey.h; sourceTree = "<group>"; };
		E190CC5B1FF0AB31003F9D76 /* IosMonkey.m */ = {isa = PBXFileReference; lastKnownFileType = sourcecode.c.objc; path = IosMonkey.m; sourceTree = "<group>"; };
		E199C33C1FF1DC3D00F2DE0A /* FlyWeightShapFactory.h */ = {isa = PBXFileReference; lastKnownFileType = sourcecode.c.h; path = FlyWeightShapFactory.h; sourceTree = "<group>"; };
		E199C33D1FF1DC3D00F2DE0A /* FlyWeightShapFactory.m */ = {isa = PBXFileReference; lastKnownFileType = sourcecode.c.objc; path = FlyWeightShapFactory.m; sourceTree = "<group>"; };
		E199C33F1FF1E21600F2DE0A /* Command.h */ = {isa = PBXFileReference; lastKnownFileType = sourcecode.c.h; path = Command.h; sourceTree = "<group>"; };
		E199C3401FF1E21600F2DE0A /* Command.m */ = {isa = PBXFileReference; lastKnownFileType = sourcecode.c.objc; path = Command.m; sourceTree = "<group>"; };
		E199C3421FF1E28B00F2DE0A /* TVOnCommand.h */ = {isa = PBXFileReference; lastKnownFileType = sourcecode.c.h; path = TVOnCommand.h; sourceTree = "<group>"; };
		E199C3431FF1E28B00F2DE0A /* TVOnCommand.m */ = {isa = PBXFileReference; lastKnownFileType = sourcecode.c.objc; path = TVOnCommand.m; sourceTree = "<group>"; };
		E199C3451FF1E29C00F2DE0A /* LightOnCommand.h */ = {isa = PBXFileReference; lastKnownFileType = sourcecode.c.h; path = LightOnCommand.h; sourceTree = "<group>"; };
		E199C3461FF1E29C00F2DE0A /* LightOnCommand.m */ = {isa = PBXFileReference; lastKnownFileType = sourcecode.c.objc; path = LightOnCommand.m; sourceTree = "<group>"; };
		E199C3481FF1E2CA00F2DE0A /* HouseHoldAppliances.h */ = {isa = PBXFileReference; lastKnownFileType = sourcecode.c.h; path = HouseHoldAppliances.h; sourceTree = "<group>"; };
		E199C3491FF1E2CA00F2DE0A /* HouseHoldAppliances.m */ = {isa = PBXFileReference; lastKnownFileType = sourcecode.c.objc; path = HouseHoldAppliances.m; sourceTree = "<group>"; };
		E199C34B1FF1E2DB00F2DE0A /* TV.h */ = {isa = PBXFileReference; lastKnownFileType = sourcecode.c.h; path = TV.h; sourceTree = "<group>"; };
		E199C34C1FF1E2DB00F2DE0A /* TV.m */ = {isa = PBXFileReference; lastKnownFileType = sourcecode.c.objc; path = TV.m; sourceTree = "<group>"; };
		E199C34E1FF1E2E400F2DE0A /* Light.h */ = {isa = PBXFileReference; lastKnownFileType = sourcecode.c.h; path = Light.h; sourceTree = "<group>"; };
		E199C34F1FF1E2E400F2DE0A /* Light.m */ = {isa = PBXFileReference; lastKnownFileType = sourcecode.c.objc; path = Light.m; sourceTree = "<group>"; };
		E199C3511FF1E2F600F2DE0A /* MiPhtone.h */ = {isa = PBXFileReference; lastKnownFileType = sourcecode.c.h; path = MiPhtone.h; sourceTree = "<group>"; };
		E199C3521FF1E2F600F2DE0A /* MiPhtone.m */ = {isa = PBXFileReference; lastKnownFileType = sourcecode.c.objc; path = MiPhtone.m; sourceTree = "<group>"; };
		E199C3541FF4840200F2DE0A /* Subject.h */ = {isa = PBXFileReference; lastKnownFileType = sourcecode.c.h; path = Subject.h; sourceTree = "<group>"; };
		E199C3551FF4840200F2DE0A /* Subject.m */ = {isa = PBXFileReference; lastKnownFileType = sourcecode.c.objc; path = Subject.m; sourceTree = "<group>"; };
		E199C3571FF4840E00F2DE0A /* Observer.h */ = {isa = PBXFileReference; lastKnownFileType = sourcecode.c.h; path = Observer.h; sourceTree = "<group>"; };
		E199C3581FF4840E00F2DE0A /* Observer.m */ = {isa = PBXFileReference; lastKnownFileType = sourcecode.c.objc; path = Observer.m; sourceTree = "<group>"; };
		E199C35A1FF488CD00F2DE0A /* User.h */ = {isa = PBXFileReference; lastKnownFileType = sourcecode.c.h; path = User.h; sourceTree = "<group>"; };
		E199C35B1FF488CD00F2DE0A /* User.m */ = {isa = PBXFileReference; lastKnownFileType = sourcecode.c.objc; path = User.m; sourceTree = "<group>"; };
		E199C35D1FF488D600F2DE0A /* ChatRoom.h */ = {isa = PBXFileReference; lastKnownFileType = sourcecode.c.h; path = ChatRoom.h; sourceTree = "<group>"; };
		E199C35E1FF488D600F2DE0A /* ChatRoom.m */ = {isa = PBXFileReference; lastKnownFileType = sourcecode.c.objc; path = ChatRoom.m; sourceTree = "<group>"; };
		E199C3601FF48B2E00F2DE0A /* Originator.h */ = {isa = PBXFileReference; lastKnownFileType = sourcecode.c.h; path = Originator.h; sourceTree = "<group>"; };
		E199C3611FF48B2E00F2DE0A /* Originator.m */ = {isa = PBXFileReference; lastKnownFileType = sourcecode.c.objc; path = Originator.m; sourceTree = "<group>"; };
		E199C3631FF48B3B00F2DE0A /* Memento.h */ = {isa = PBXFileReference; lastKnownFileType = sourcecode.c.h; path = Memento.h; sourceTree = "<group>"; };
		E199C3641FF48B3B00F2DE0A /* Memento.m */ = {isa = PBXFileReference; lastKnownFileType = sourcecode.c.objc; path = Memento.m; sourceTree = "<group>"; };
		E199C3661FF48B4700F2DE0A /* CareTaker.h */ = {isa = PBXFileReference; lastKnownFileType = sourcecode.c.h; path = CareTaker.h; sourceTree = "<group>"; };
		E199C3671FF48B4700F2DE0A /* CareTaker.m */ = {isa = PBXFileReference; lastKnownFileType = sourcecode.c.objc; path = CareTaker.m; sourceTree = "<group>"; };
		E199C3691FF4925200F2DE0A /* AbstractLogger.h */ = {isa = PBXFileReference; lastKnownFileType = sourcecode.c.h; path = AbstractLogger.h; sourceTree = "<group>"; };
		E199C36A1FF4925200F2DE0A /* AbstractLogger.m */ = {isa = PBXFileReference; lastKnownFileType = sourcecode.c.objc; path = AbstractLogger.m; sourceTree = "<group>"; };
		E199C36C1FF4939300F2DE0A /* ConsoleLogger.h */ = {isa = PBXFileReference; lastKnownFileType = sourcecode.c.h; path = ConsoleLogger.h; sourceTree = "<group>"; };
		E199C36D1FF4939300F2DE0A /* ConsoleLogger.m */ = {isa = PBXFileReference; lastKnownFileType = sourcecode.c.objc; path = ConsoleLogger.m; sourceTree = "<group>"; };
		E199C36F1FF4939D00F2DE0A /* ErrorLogger.h */ = {isa = PBXFileReference; lastKnownFileType = sourcecode.c.h; path = ErrorLogger.h; sourceTree = "<group>"; };
		E199C3701FF4939D00F2DE0A /* ErrorLogger.m */ = {isa = PBXFileReference; lastKnownFileType = sourcecode.c.objc; path = ErrorLogger.m; sourceTree = "<group>"; };
		E199C3721FF493A600F2DE0A /* FileLogger.h */ = {isa = PBXFileReference; lastKnownFileType = sourcecode.c.h; path = FileLogger.h; sourceTree = "<group>"; };
		E199C3731FF493A600F2DE0A /* FileLogger.m */ = {isa = PBXFileReference; lastKnownFileType = sourcecode.c.objc; path = FileLogger.m; sourceTree = "<group>"; };
		E199EA1920A0538400A1DD37 /* DependenceInversion.h */ = {isa = PBXFileReference; lastKnownFileType = sourcecode.c.h; path = DependenceInversion.h; sourceTree = "<group>"; };
		E199EA1A20A0538400A1DD37 /* DependenceInversion.m */ = {isa = PBXFileReference; lastKnownFileType = sourcecode.c.objc; path = DependenceInversion.m; sourceTree = "<group>"; };
		E199EA1C20A05D2600A1DD37 /* OpenClosed.h */ = {isa = PBXFileReference; lastKnownFileType = sourcecode.c.h; path = OpenClosed.h; sourceTree = "<group>"; };
		E199EA1D20A05D2600A1DD37 /* OpenClosed.m */ = {isa = PBXFileReference; lastKnownFileType = sourcecode.c.objc; path = OpenClosed.m; sourceTree = "<group>"; };
		E199EA1F20A13E3700A1DD37 /* InterfaceSegregation.h */ = {isa = PBXFileReference; lastKnownFileType = sourcecode.c.h; path = InterfaceSegregation.h; sourceTree = "<group>"; };
		E199EA2020A13E3700A1DD37 /* InterfaceSegregation.m */ = {isa = PBXFileReference; lastKnownFileType = sourcecode.c.objc; path = InterfaceSegregation.m; sourceTree = "<group>"; };
		E199EA2220A13EC300A1DD37 /* SingleResponsibility.h */ = {isa = PBXFileReference; lastKnownFileType = sourcecode.c.h; path = SingleResponsibility.h; sourceTree = "<group>"; };
		E199EA2320A13EC300A1DD37 /* SingleResponsibility.m */ = {isa = PBXFileReference; lastKnownFileType = sourcecode.c.objc; path = SingleResponsibility.m; sourceTree = "<group>"; };
		E199EA2520A1497100A1DD37 /* LiskovSubstitution.h */ = {isa = PBXFileReference; lastKnownFileType = sourcecode.c.h; path = LiskovSubstitution.h; sourceTree = "<group>"; };
		E199EA2620A1497100A1DD37 /* LiskovSubstitution.m */ = {isa = PBXFileReference; lastKnownFileType = sourcecode.c.objc; path = LiskovSubstitution.m; sourceTree = "<group>"; };
		E199EA2820A14AFA00A1DD37 /* LawOfDemeter.h */ = {isa = PBXFileReference; lastKnownFileType = sourcecode.c.h; path = LawOfDemeter.h; sourceTree = "<group>"; };
		E199EA2920A14AFA00A1DD37 /* LawOfDemeter.m */ = {isa = PBXFileReference; lastKnownFileType = sourcecode.c.objc; path = LawOfDemeter.m; sourceTree = "<group>"; };
		E1B73E1720897AAC00CCA774 /* WTYSortAlgorithm.h */ = {isa = PBXFileReference; lastKnownFileType = sourcecode.c.h; path = WTYSortAlgorithm.h; sourceTree = "<group>"; };
		E1B73E1820897AAC00CCA774 /* WTYSortAlgorithm.m */ = {isa = PBXFileReference; lastKnownFileType = sourcecode.c.objc; path = WTYSortAlgorithm.m; sourceTree = "<group>"; };
		E1B73E1A2089835A00CCA774 /* WTYSortAlgorithmTestCase.m */ = {isa = PBXFileReference; lastKnownFileType = sourcecode.c.objc; path = WTYSortAlgorithmTestCase.m; sourceTree = "<group>"; };
		E1DBDE82207F028700CB8A79 /* BinaryTree.m */ = {isa = PBXFileReference; fileEncoding = 4; lastKnownFileType = sourcecode.c.objc; path = BinaryTree.m; sourceTree = "<group>"; };
		E1DBDE83207F028700CB8A79 /* BinaryTree.h */ = {isa = PBXFileReference; fileEncoding = 4; lastKnownFileType = sourcecode.c.h; path = BinaryTree.h; sourceTree = "<group>"; };
		E1DBDE8B207F174E00CB8A79 /* DataStructureTest.h */ = {isa = PBXFileReference; lastKnownFileType = sourcecode.c.h; path = DataStructureTest.h; sourceTree = "<group>"; };
		E1DBDE8C207F174E00CB8A79 /* DataStructureTest.m */ = {isa = PBXFileReference; lastKnownFileType = sourcecode.c.objc; path = DataStructureTest.m; sourceTree = "<group>"; };
		E1DBDE8E207F409500CB8A79 /* BinaryTreeTestCase.m */ = {isa = PBXFileReference; lastKnownFileType = sourcecode.c.objc; path = BinaryTreeTestCase.m; sourceTree = "<group>"; };
/* End PBXFileReference section */

/* Begin PBXFrameworksBuildPhase section */
		C838F74A1D3CDF5B002A3D71 /* Frameworks */ = {
			isa = PBXFrameworksBuildPhase;
			buildActionMask = 2147483647;
			files = (
			);
			runOnlyForDeploymentPostprocessing = 0;
		};
		C838F7631D3CDF5B002A3D71 /* Frameworks */ = {
			isa = PBXFrameworksBuildPhase;
			buildActionMask = 2147483647;
			files = (
			);
			runOnlyForDeploymentPostprocessing = 0;
		};
		C838F76E1D3CDF5B002A3D71 /* Frameworks */ = {
			isa = PBXFrameworksBuildPhase;
			buildActionMask = 2147483647;
			files = (
			);
			runOnlyForDeploymentPostprocessing = 0;
		};
/* End PBXFrameworksBuildPhase section */

/* Begin PBXGroup section */
		C838F7441D3CDF5B002A3D71 = {
			isa = PBXGroup;
			children = (
				C838F74F1D3CDF5B002A3D71 /* ClassAPITest */,
				C838F7691D3CDF5B002A3D71 /* ClassAPITestTests */,
				C838F7741D3CDF5B002A3D71 /* ClassAPITestUITests */,
				C838F74E1D3CDF5B002A3D71 /* Products */,
			);
			sourceTree = "<group>";
		};
		C838F74E1D3CDF5B002A3D71 /* Products */ = {
			isa = PBXGroup;
			children = (
				C838F74D1D3CDF5B002A3D71 /* ClassAPITest.app */,
				C838F7661D3CDF5B002A3D71 /* ClassAPITestTests.xctest */,
				C838F7711D3CDF5B002A3D71 /* ClassAPITestUITests.xctest */,
			);
			name = Products;
			sourceTree = "<group>";
		};
		C838F74F1D3CDF5B002A3D71 /* ClassAPITest */ = {
			isa = PBXGroup;
			children = (
				C838F7531D3CDF5B002A3D71 /* AppDelegate.h */,
				C838F7541D3CDF5B002A3D71 /* AppDelegate.m */,
				E1B73E1420897A3E00CCA774 /* 算法 */,
				E1DBDE7D207F020700CB8A79 /* 数据结构 */,
				E190CBA41FEBB0F0003F9D76 /* 设计模式 */,
				E199EA1220A0531600A1DD37 /* 面向对象六大原则 */,
				C838F7561D3CDF5B002A3D71 /* ViewController.h */,
				C838F7571D3CDF5B002A3D71 /* ViewController.m */,
				C838F7591D3CDF5B002A3D71 /* Main.storyboard */,
				C838F75C1D3CDF5B002A3D71 /* Assets.xcassets */,
				C838F75E1D3CDF5B002A3D71 /* LaunchScreen.storyboard */,
				C838F7611D3CDF5B002A3D71 /* Info.plist */,
				C838F7501D3CDF5B002A3D71 /* Supporting Files */,
			);
			path = ClassAPITest;
			sourceTree = "<group>";
		};
		C838F7501D3CDF5B002A3D71 /* Supporting Files */ = {
			isa = PBXGroup;
			children = (
				C838F7511D3CDF5B002A3D71 /* main.m */,
			);
			name = "Supporting Files";
			sourceTree = "<group>";
		};
		C838F7691D3CDF5B002A3D71 /* ClassAPITestTests */ = {
			isa = PBXGroup;
			children = (
				C838F76A1D3CDF5B002A3D71 /* ClassAPITestTests.m */,
				C838F7831D3CDF8D002A3D71 /* NSArrayTestCase.m */,
				E1DBDE8E207F409500CB8A79 /* BinaryTreeTestCase.m */,
				E1B73E1A2089835A00CCA774 /* WTYSortAlgorithmTestCase.m */,
				C838F76C1D3CDF5B002A3D71 /* Info.plist */,
			);
			path = ClassAPITestTests;
			sourceTree = "<group>";
		};
		C838F7741D3CDF5B002A3D71 /* ClassAPITestUITests */ = {
			isa = PBXGroup;
			children = (
				C838F7751D3CDF5B002A3D71 /* ClassAPITestUITests.m */,
				C838F7771D3CDF5B002A3D71 /* Info.plist */,
			);
			path = ClassAPITestUITests;
			sourceTree = "<group>";
		};
		E190CBA41FEBB0F0003F9D76 /* 设计模式 */ = {
			isa = PBXGroup;
			children = (
				E190CBA51FEBB0F0003F9D76 /* 行为型 */,
				E190CBB11FEBB0F0003F9D76 /* 创建型 */,
				E190CBB71FEBB0F0003F9D76 /* 结构型 */,
				E190CBD01FEBB31B003F9D76 /* DesignPatternTest.h */,
				E190CBD11FEBB31B003F9D76 /* DesignPatternTest.m */,
			);
			path = "设计模式";
			sourceTree = "<group>";
		};
		E190CBA51FEBB0F0003F9D76 /* 行为型 */ = {
			isa = PBXGroup;
			children = (
				E190CBA61FEBB0F0003F9D76 /* 策略模式 */,
				E190CBA71FEBB0F0003F9D76 /* 访问者模式 */,
				E190CBA81FEBB0F0003F9D76 /* 命令模式 */,
				E190CBA91FEBB0F0003F9D76 /* 模板方法模式 */,
				E190CBAA1FEBB0F0003F9D76 /* 中介者模式 */,
				E190CBAB1FEBB0F0003F9D76 /* 责任链模式 */,
				E190CBAC1FEBB0F0003F9D76 /* 迭代子模式 */,
				E190CBAD1FEBB0F0003F9D76 /* 状态模式 */,
				E190CBAE1FEBB0F0003F9D76 /* 备忘录模式 */,
				E190CBAF1FEBB0F0003F9D76 /* 解释器模式 */,
				E190CBB01FEBB0F0003F9D76 /* 观察者模式 */,
			);
			path = "行为型";
			sourceTree = "<group>";
		};
		E190CBA61FEBB0F0003F9D76 /* 策略模式 */ = {
			isa = PBXGroup;
			children = (
				E190CC1A1FEBCE4B003F9D76 /* Strategy.h */,
				E190CC1B1FEBCE4B003F9D76 /* Strategy.m */,
				E190CC1D1FEBCE5A003F9D76 /* Context.h */,
				E190CC1E1FEBCE5A003F9D76 /* Context.m */,
				E190CC201FEBCE6C003F9D76 /* OpearationAdd.h */,
				E190CC211FEBCE6C003F9D76 /* OpearationAdd.m */,
			);
			path = "策略模式";
			sourceTree = "<group>";
		};
		E190CBA71FEBB0F0003F9D76 /* 访问者模式 */ = {
			isa = PBXGroup;
			children = (
			);
			path = "访问者模式";
			sourceTree = "<group>";
		};
		E190CBA81FEBB0F0003F9D76 /* 命令模式 */ = {
			isa = PBXGroup;
			children = (
				E199C33F1FF1E21600F2DE0A /* Command.h */,
				E199C3401FF1E21600F2DE0A /* Command.m */,
				E199C3421FF1E28B00F2DE0A /* TVOnCommand.h */,
				E199C3431FF1E28B00F2DE0A /* TVOnCommand.m */,
				E199C3451FF1E29C00F2DE0A /* LightOnCommand.h */,
				E199C3461FF1E29C00F2DE0A /* LightOnCommand.m */,
				E199C3481FF1E2CA00F2DE0A /* HouseHoldAppliances.h */,
				E199C3491FF1E2CA00F2DE0A /* HouseHoldAppliances.m */,
				E199C34B1FF1E2DB00F2DE0A /* TV.h */,
				E199C34C1FF1E2DB00F2DE0A /* TV.m */,
				E199C34E1FF1E2E400F2DE0A /* Light.h */,
				E199C34F1FF1E2E400F2DE0A /* Light.m */,
				E199C3511FF1E2F600F2DE0A /* MiPhtone.h */,
				E199C3521FF1E2F600F2DE0A /* MiPhtone.m */,
			);
			path = "命令模式";
			sourceTree = "<group>";
		};
		E190CBA91FEBB0F0003F9D76 /* 模板方法模式 */ = {
			isa = PBXGroup;
			children = (
			);
			path = "模板方法模式";
			sourceTree = "<group>";
		};
		E190CBAA1FEBB0F0003F9D76 /* 中介者模式 */ = {
			isa = PBXGroup;
			children = (
				E199C35A1FF488CD00F2DE0A /* User.h */,
				E199C35B1FF488CD00F2DE0A /* User.m */,
				E199C35D1FF488D600F2DE0A /* ChatRoom.h */,
				E199C35E1FF488D600F2DE0A /* ChatRoom.m */,
			);
			path = "中介者模式";
			sourceTree = "<group>";
		};
		E190CBAB1FEBB0F0003F9D76 /* 责任链模式 */ = {
			isa = PBXGroup;
			children = (
				E199C3691FF4925200F2DE0A /* AbstractLogger.h */,
				E199C36A1FF4925200F2DE0A /* AbstractLogger.m */,
				E199C36C1FF4939300F2DE0A /* ConsoleLogger.h */,
				E199C36D1FF4939300F2DE0A /* ConsoleLogger.m */,
				E199C36F1FF4939D00F2DE0A /* ErrorLogger.h */,
				E199C3701FF4939D00F2DE0A /* ErrorLogger.m */,
				E199C3721FF493A600F2DE0A /* FileLogger.h */,
				E199C3731FF493A600F2DE0A /* FileLogger.m */,
			);
			path = "责任链模式";
			sourceTree = "<group>";
		};
		E190CBAC1FEBB0F0003F9D76 /* 迭代子模式 */ = {
			isa = PBXGroup;
			children = (
			);
			path = "迭代子模式";
			sourceTree = "<group>";
		};
		E190CBAD1FEBB0F0003F9D76 /* 状态模式 */ = {
			isa = PBXGroup;
			children = (
				E190CC3F1FEBDF41003F9D76 /* State.h */,
				E190CC401FEBDF41003F9D76 /* State.m */,
				E190CC421FEBDF56003F9D76 /* StartState.h */,
				E190CC431FEBDF56003F9D76 /* StartState.m */,
				E190CC451FEBDF60003F9D76 /* StopState.h */,
				E190CC461FEBDF60003F9D76 /* StopState.m */,
				E190CC481FEBDF75003F9D76 /* StateContext.h */,
				E190CC491FEBDF75003F9D76 /* StateContext.m */,
			);
			path = "状态模式";
			sourceTree = "<group>";
		};
		E190CBAE1FEBB0F0003F9D76 /* 备忘录模式 */ = {
			isa = PBXGroup;
			children = (
				E199C3601FF48B2E00F2DE0A /* Originator.h */,
				E199C3611FF48B2E00F2DE0A /* Originator.m */,
				E199C3631FF48B3B00F2DE0A /* Memento.h */,
				E199C3641FF48B3B00F2DE0A /* Memento.m */,
				E199C3661FF48B4700F2DE0A /* CareTaker.h */,
				E199C3671FF48B4700F2DE0A /* CareTaker.m */,
			);
			path = "备忘录模式";
			sourceTree = "<group>";
		};
		E190CBAF1FEBB0F0003F9D76 /* 解释器模式 */ = {
			isa = PBXGroup;
			children = (
			);
			path = "解释器模式";
			sourceTree = "<group>";
		};
		E190CBB01FEBB0F0003F9D76 /* 观察者模式 */ = {
			isa = PBXGroup;
			children = (
				E199C3541FF4840200F2DE0A /* Subject.h */,
				E199C3551FF4840200F2DE0A /* Subject.m */,
				E199C3571FF4840E00F2DE0A /* Observer.h */,
				E199C3581FF4840E00F2DE0A /* Observer.m */,
			);
			path = "观察者模式";
			sourceTree = "<group>";
		};
		E190CBB11FEBB0F0003F9D76 /* 创建型 */ = {
			isa = PBXGroup;
			children = (
				E190CBB21FEBB0F0003F9D76 /* 抽象工厂 */,
				E190CBB31FEBB0F0003F9D76 /* 单例模式 */,
				E190CBB41FEBB0F0003F9D76 /* 原型模式 */,
				E190CBB51FEBB0F0003F9D76 /* 建造者模式 */,
				E190CBB61FEBB0F0003F9D76 /* 工厂模式 */,
			);
			path = "创建型";
			sourceTree = "<group>";
		};
		E190CBB21FEBB0F0003F9D76 /* 抽象工厂 */ = {
			isa = PBXGroup;
			children = (
				E190CBE61FEBC479003F9D76 /* abstractClass */,
				E190CBE51FEBC479003F9D76 /* FactoryProducer.h */,
				E190CBED1FEBC479003F9D76 /* FactoryProducer.m */,
				E190CBEE1FEBC479003F9D76 /* impClass */,
			);
			path = "抽象工厂";
			sourceTree = "<group>";
		};
		E190CBB31FEBB0F0003F9D76 /* 单例模式 */ = {
			isa = PBXGroup;
			children = (
				E190CC171FEBCDE7003F9D76 /* SingleObject.h */,
				E190CC181FEBCDE7003F9D76 /* SingleObject.m */,
			);
			path = "单例模式";
			sourceTree = "<group>";
		};
		E190CBB41FEBB0F0003F9D76 /* 原型模式 */ = {
			isa = PBXGroup;
			children = (
				E190CBFF1FEBC8BA003F9D76 /* ShapCache.h */,
				E190CC001FEBC8BA003F9D76 /* ShapCache.m */,
			);
			path = "原型模式";
			sourceTree = "<group>";
		};
		E190CBB51FEBB0F0003F9D76 /* 建造者模式 */ = {
			isa = PBXGroup;
			children = (
				E190CC021FEBCB49003F9D76 /* Builder.h */,
				E190CC031FEBCB49003F9D76 /* Builder.m */,
				E190CC051FEBCB5C003F9D76 /* Meal.h */,
				E190CC061FEBCB5C003F9D76 /* Meal.m */,
				E190CC081FEBCB7C003F9D76 /* Item.h */,
				E190CC091FEBCB7C003F9D76 /* Item.m */,
				E190CC0B1FEBCB87003F9D76 /* Packing.h */,
				E190CC0C1FEBCB87003F9D76 /* Packing.m */,
				E190CC0E1FEBCB96003F9D76 /* MealBuilder.h */,
				E190CC0F1FEBCB96003F9D76 /* MealBuilder.m */,
				E190CC111FEBCBAF003F9D76 /* Burger.h */,
				E190CC121FEBCBAF003F9D76 /* Burger.m */,
				E190CC141FEBCBD5003F9D76 /* Wrapper.h */,
				E190CC151FEBCBD5003F9D76 /* Wrapper.m */,
			);
			path = "建造者模式";
			sourceTree = "<group>";
		};
		E190CBB61FEBB0F0003F9D76 /* 工厂模式 */ = {
			isa = PBXGroup;
			children = (
				E190CBCA1FEBB26D003F9D76 /* Shape.h */,
				E190CBCB1FEBB26D003F9D76 /* Shape.m */,
				E190CBC11FEBB1BD003F9D76 /* Circle.h */,
				E190CBC21FEBB1BD003F9D76 /* Circle.m */,
				E190CBC41FEBB1CD003F9D76 /* Square.h */,
				E190CBC51FEBB1CD003F9D76 /* Square.m */,
				E190CBC71FEBB1D6003F9D76 /* Rectangle.h */,
				E190CBC81FEBB1D6003F9D76 /* Rectangle.m */,
				E190CBCD1FEBB2C1003F9D76 /* ShapeFactory.h */,
				E190CBCE1FEBB2C1003F9D76 /* ShapeFactory.m */,
			);
			path = "工厂模式";
			sourceTree = "<group>";
		};
		E190CBB71FEBB0F0003F9D76 /* 结构型 */ = {
			isa = PBXGroup;
			children = (
				E190CC231FEBD0CD003F9D76 /* 过滤器 */,
				E190CBB81FEBB0F0003F9D76 /* 装饰器模式 */,
				E190CBB91FEBB0F0003F9D76 /* 适配器模式 */,
				E190CBBA1FEBB0F0003F9D76 /* 组合模式 */,
				E190CBBB1FEBB0F0003F9D76 /* 代理模式 */,
				E190CBBC1FEBB0F0003F9D76 /* 外观模式 */,
				E190CBBD1FEBB0F0003F9D76 /* 桥接模式 */,
				E190CBBE1FEBB0F0003F9D76 /* 享元模式 */,
			);
			path = "结构型";
			sourceTree = "<group>";
		};
		E190CBB81FEBB0F0003F9D76 /* 装饰器模式 */ = {
			isa = PBXGroup;
			children = (
				E190CC361FEBDADB003F9D76 /* ShapeDecorator.h */,
				E190CC371FEBDADB003F9D76 /* ShapeDecorator.m */,
				E190CC391FEBDB01003F9D76 /* RedShapeDecorator.h */,
				E190CC3A1FEBDB01003F9D76 /* RedShapeDecorator.m */,
			);
			path = "装饰器模式";
			sourceTree = "<group>";
		};
		E190CBB91FEBB0F0003F9D76 /* 适配器模式 */ = {
			isa = PBXGroup;
			children = (
			);
			path = "适配器模式";
			sourceTree = "<group>";
		};
		E190CBBA1FEBB0F0003F9D76 /* 组合模式 */ = {
			isa = PBXGroup;
			children = (
			);
			path = "组合模式";
			sourceTree = "<group>";
		};
		E190CBBB1FEBB0F0003F9D76 /* 代理模式 */ = {
			isa = PBXGroup;
			children = (
			);
			path = "代理模式";
			sourceTree = "<group>";
		};
		E190CBBC1FEBB0F0003F9D76 /* 外观模式 */ = {
			isa = PBXGroup;
			children = (
				E190CC3C1FEBDE4A003F9D76 /* ShapeMaker.h */,
				E190CC3D1FEBDE4A003F9D76 /* ShapeMaker.m */,
			);
			path = "外观模式";
			sourceTree = "<group>";
		};
		E190CBBD1FEBB0F0003F9D76 /* 桥接模式 */ = {
			isa = PBXGroup;
			children = (
				E190CC4B1FF0AAB9003F9D76 /* Platform.h */,
				E190CC4C1FF0AAB9003F9D76 /* Platform.m */,
				E190CC511FF0AB11003F9D76 /* WinPlatform.h */,
				E190CC521FF0AB11003F9D76 /* WinPlatform.m */,
				E190CC541FF0AB1B003F9D76 /* MacPlatform.h */,
				E190CC551FF0AB1B003F9D76 /* MacPlatform.m */,
				E190CC4E1FF0AAC1003F9D76 /* Monkey.h */,
				E190CC4F1FF0AAC1003F9D76 /* Monkey.m */,
				E190CC571FF0AB2A003F9D76 /* AndroidMonkey.h */,
				E190CC581FF0AB2A003F9D76 /* AndroidMonkey.m */,
				E190CC5A1FF0AB31003F9D76 /* IosMonkey.h */,
				E190CC5B1FF0AB31003F9D76 /* IosMonkey.m */,
			);
			path = "桥接模式";
			sourceTree = "<group>";
		};
		E190CBBE1FEBB0F0003F9D76 /* 享元模式 */ = {
			isa = PBXGroup;
			children = (
				E199C33C1FF1DC3D00F2DE0A /* FlyWeightShapFactory.h */,
				E199C33D1FF1DC3D00F2DE0A /* FlyWeightShapFactory.m */,
			);
			path = "享元模式";
			sourceTree = "<group>";
		};
		E190CBE61FEBC479003F9D76 /* abstractClass */ = {
			isa = PBXGroup;
			children = (
				E190CBE81FEBC479003F9D76 /* ZDColor.h */,
				E190CBEA1FEBC479003F9D76 /* ZDColor.m */,
				E190CBE71FEBC479003F9D76 /* ZDShape.h */,
				E190CBEB1FEBC479003F9D76 /* ZDShape.m */,
				E190CBEC1FEBC479003F9D76 /* AbstractFactory.h */,
				E190CBE91FEBC479003F9D76 /* AbstractFactory.m */,
			);
			path = abstractClass;
			sourceTree = "<group>";
		};
		E190CBEE1FEBC479003F9D76 /* impClass */ = {
			isa = PBXGroup;
			children = (
				E190CBF21FEBC479003F9D76 /* ZDColorFactory.h */,
				E190CBEF1FEBC479003F9D76 /* ZDColorFactory.m */,
				E190CBF01FEBC479003F9D76 /* ZDShapFactory.h */,
				E190CBF11FEBC479003F9D76 /* ZDShapFactory.m */,
				E190CBF91FEBC506003F9D76 /* ZDRed.h */,
				E190CBFA1FEBC506003F9D76 /* ZDRed.m */,
				E190CBFC1FEBC528003F9D76 /* ZDCircle.h */,
				E190CBFD1FEBC528003F9D76 /* ZDCircle.m */,
			);
			path = impClass;
			sourceTree = "<group>";
		};
		E190CC231FEBD0CD003F9D76 /* 过滤器 */ = {
			isa = PBXGroup;
			children = (
				E190CC241FEBD28E003F9D76 /* Criteria.h */,
				E190CC251FEBD28E003F9D76 /* Criteria.m */,
				E190CC301FEBD3AD003F9D76 /* CriteriaMale.h */,
				E190CC311FEBD3AD003F9D76 /* CriteriaMale.m */,
				E190CC331FEBD74E003F9D76 /* CriteriaSingle.h */,
				E190CC341FEBD74E003F9D76 /* CriteriaSingle.m */,
				E190CC271FEBD2A8003F9D76 /* AndCriteria.h */,
				E190CC281FEBD2A8003F9D76 /* AndCriteria.m */,
				E190CC2A1FEBD2BE003F9D76 /* OrCriteria.h */,
				E190CC2B1FEBD2BE003F9D76 /* OrCriteria.m */,
				E190CC2D1FEBD2C7003F9D76 /* Person.h */,
				E190CC2E1FEBD2C7003F9D76 /* Person.m */,
			);
			path = "过滤器";
			sourceTree = "<group>";
		};
		E199EA1220A0531600A1DD37 /* 面向对象六大原则 */ = {
			isa = PBXGroup;
			children = (
				E199EA1320A0531600A1DD37 /* 单一职责原则 */,
				E199EA1420A0531600A1DD37 /* 开闭原则 */,
				E199EA1520A0531600A1DD37 /* 依赖倒置原则 */,
				E199EA1620A0531600A1DD37 /* 接口隔离原则 */,
				E199EA1720A0531600A1DD37 /* 迪米特原则 */,
				E199EA1820A0531600A1DD37 /* 里氏替换原则 */,
			);
			path = "面向对象六大原则";
			sourceTree = "<group>";
		};
		E199EA1320A0531600A1DD37 /* 单一职责原则 */ = {
			isa = PBXGroup;
			children = (
				E199EA2220A13EC300A1DD37 /* SingleResponsibility.h */,
				E199EA2320A13EC300A1DD37 /* SingleResponsibility.m */,
			);
			path = "单一职责原则";
			sourceTree = "<group>";
		};
		E199EA1420A0531600A1DD37 /* 开闭原则 */ = {
			isa = PBXGroup;
			children = (
				E199EA1C20A05D2600A1DD37 /* OpenClosed.h */,
				E199EA1D20A05D2600A1DD37 /* OpenClosed.m */,
			);
			path = "开闭原则";
			sourceTree = "<group>";
		};
		E199EA1520A0531600A1DD37 /* 依赖倒置原则 */ = {
			isa = PBXGroup;
			children = (
				E199EA1920A0538400A1DD37 /* DependenceInversion.h */,
				E199EA1A20A0538400A1DD37 /* DependenceInversion.m */,
			);
			path = "依赖倒置原则";
			sourceTree = "<group>";
		};
		E199EA1620A0531600A1DD37 /* 接口隔离原则 */ = {
			isa = PBXGroup;
			children = (
				E199EA1F20A13E3700A1DD37 /* InterfaceSegregation.h */,
				E199EA2020A13E3700A1DD37 /* InterfaceSegregation.m */,
			);
			path = "接口隔离原则";
			sourceTree = "<group>";
		};
		E199EA1720A0531600A1DD37 /* 迪米特原则 */ = {
			isa = PBXGroup;
			children = (
				E199EA2820A14AFA00A1DD37 /* LawOfDemeter.h */,
				E199EA2920A14AFA00A1DD37 /* LawOfDemeter.m */,
			);
			path = "迪米特原则";
			sourceTree = "<group>";
		};
		E199EA1820A0531600A1DD37 /* 里氏替换原则 */ = {
			isa = PBXGroup;
			children = (
				E199EA2520A1497100A1DD37 /* LiskovSubstitution.h */,
				E199EA2620A1497100A1DD37 /* LiskovSubstitution.m */,
			);
			path = "里氏替换原则";
			sourceTree = "<group>";
		};
		E1B73E1420897A3E00CCA774 /* 算法 */ = {
			isa = PBXGroup;
			children = (
				E1B73E1520897A3E00CCA774 /* 排序算法 */,
			);
			path = "算法";
			sourceTree = "<group>";
		};
		E1B73E1520897A3E00CCA774 /* 排序算法 */ = {
			isa = PBXGroup;
			children = (
				E1B73E1720897AAC00CCA774 /* WTYSortAlgorithm.h */,
				E1B73E1820897AAC00CCA774 /* WTYSortAlgorithm.m */,
			);
			path = "排序算法";
			sourceTree = "<group>";
		};
		E1DBDE7D207F020700CB8A79 /* 数据结构 */ = {
			isa = PBXGroup;
			children = (
				E1DBDE81207F028700CB8A79 /* 二叉树 */,
				E1DBDE8B207F174E00CB8A79 /* DataStructureTest.h */,
				E1DBDE8C207F174E00CB8A79 /* DataStructureTest.m */,
			);
			path = "数据结构";
			sourceTree = "<group>";
		};
		E1DBDE81207F028700CB8A79 /* 二叉树 */ = {
			isa = PBXGroup;
			children = (
				E1DBDE83207F028700CB8A79 /* BinaryTree.h */,
				E1DBDE82207F028700CB8A79 /* BinaryTree.m */,
			);
			path = "二叉树";
			sourceTree = "<group>";
		};
/* End PBXGroup section */

/* Begin PBXNativeTarget section */
		C838F74C1D3CDF5B002A3D71 /* ClassAPITest */ = {
			isa = PBXNativeTarget;
			buildConfigurationList = C838F77A1D3CDF5B002A3D71 /* Build configuration list for PBXNativeTarget "ClassAPITest" */;
			buildPhases = (
				C838F7491D3CDF5B002A3D71 /* Sources */,
				C838F74A1D3CDF5B002A3D71 /* Frameworks */,
				C838F74B1D3CDF5B002A3D71 /* Resources */,
			);
			buildRules = (
			);
			dependencies = (
			);
			name = ClassAPITest;
			productName = ClassAPITest;
			productReference = C838F74D1D3CDF5B002A3D71 /* ClassAPITest.app */;
			productType = "com.apple.product-type.application";
		};
		C838F7651D3CDF5B002A3D71 /* ClassAPITestTests */ = {
			isa = PBXNativeTarget;
			buildConfigurationList = C838F77D1D3CDF5B002A3D71 /* Build configuration list for PBXNativeTarget "ClassAPITestTests" */;
			buildPhases = (
				C838F7621D3CDF5B002A3D71 /* Sources */,
				C838F7631D3CDF5B002A3D71 /* Frameworks */,
				C838F7641D3CDF5B002A3D71 /* Resources */,
			);
			buildRules = (
			);
			dependencies = (
				C838F7681D3CDF5B002A3D71 /* PBXTargetDependency */,
			);
			name = ClassAPITestTests;
			productName = ClassAPITestTests;
			productReference = C838F7661D3CDF5B002A3D71 /* ClassAPITestTests.xctest */;
			productType = "com.apple.product-type.bundle.unit-test";
		};
		C838F7701D3CDF5B002A3D71 /* ClassAPITestUITests */ = {
			isa = PBXNativeTarget;
			buildConfigurationList = C838F7801D3CDF5B002A3D71 /* Build configuration list for PBXNativeTarget "ClassAPITestUITests" */;
			buildPhases = (
				C838F76D1D3CDF5B002A3D71 /* Sources */,
				C838F76E1D3CDF5B002A3D71 /* Frameworks */,
				C838F76F1D3CDF5B002A3D71 /* Resources */,
			);
			buildRules = (
			);
			dependencies = (
				C838F7731D3CDF5B002A3D71 /* PBXTargetDependency */,
			);
			name = ClassAPITestUITests;
			productName = ClassAPITestUITests;
			productReference = C838F7711D3CDF5B002A3D71 /* ClassAPITestUITests.xctest */;
			productType = "com.apple.product-type.bundle.ui-testing";
		};
/* End PBXNativeTarget section */

/* Begin PBXProject section */
		C838F7451D3CDF5B002A3D71 /* Project object */ = {
			isa = PBXProject;
			attributes = {
				LastUpgradeCheck = 0730;
				ORGANIZATIONNAME = xiaomaguohe;
				TargetAttributes = {
					C838F74C1D3CDF5B002A3D71 = {
						CreatedOnToolsVersion = 7.3.1;
						DevelopmentTeam = 56DB234WRR;
					};
					C838F7651D3CDF5B002A3D71 = {
						CreatedOnToolsVersion = 7.3.1;
						TestTargetID = C838F74C1D3CDF5B002A3D71;
					};
					C838F7701D3CDF5B002A3D71 = {
						CreatedOnToolsVersion = 7.3.1;
						TestTargetID = C838F74C1D3CDF5B002A3D71;
					};
				};
			};
			buildConfigurationList = C838F7481D3CDF5B002A3D71 /* Build configuration list for PBXProject "ClassAPITest" */;
			compatibilityVersion = "Xcode 3.2";
			developmentRegion = English;
			hasScannedForEncodings = 0;
			knownRegions = (
				en,
				Base,
			);
			mainGroup = C838F7441D3CDF5B002A3D71;
			productRefGroup = C838F74E1D3CDF5B002A3D71 /* Products */;
			projectDirPath = "";
			projectRoot = "";
			targets = (
				C838F74C1D3CDF5B002A3D71 /* ClassAPITest */,
				C838F7651D3CDF5B002A3D71 /* ClassAPITestTests */,
				C838F7701D3CDF5B002A3D71 /* ClassAPITestUITests */,
			);
		};
/* End PBXProject section */

/* Begin PBXResourcesBuildPhase section */
		C838F74B1D3CDF5B002A3D71 /* Resources */ = {
			isa = PBXResourcesBuildPhase;
			buildActionMask = 2147483647;
			files = (
				C838F7601D3CDF5B002A3D71 /* LaunchScreen.storyboard in Resources */,
				C838F75D1D3CDF5B002A3D71 /* Assets.xcassets in Resources */,
				C838F75B1D3CDF5B002A3D71 /* Main.storyboard in Resources */,
			);
			runOnlyForDeploymentPostprocessing = 0;
		};
		C838F7641D3CDF5B002A3D71 /* Resources */ = {
			isa = PBXResourcesBuildPhase;
			buildActionMask = 2147483647;
			files = (
			);
			runOnlyForDeploymentPostprocessing = 0;
		};
		C838F76F1D3CDF5B002A3D71 /* Resources */ = {
			isa = PBXResourcesBuildPhase;
			buildActionMask = 2147483647;
			files = (
			);
			runOnlyForDeploymentPostprocessing = 0;
		};
/* End PBXResourcesBuildPhase section */

/* Begin PBXSourcesBuildPhase section */
		C838F7491D3CDF5B002A3D71 /* Sources */ = {
			isa = PBXSourcesBuildPhase;
			buildActionMask = 2147483647;
			files = (
				E190CC071FEBCB5C003F9D76 /* Meal.m in Sources */,
				E190CC221FEBCE6C003F9D76 /* OpearationAdd.m in Sources */,
				E190CBF71FEBC479003F9D76 /* ZDColorFactory.m in Sources */,
				E190CC3B1FEBDB01003F9D76 /* RedShapeDecorator.m in Sources */,
				E190CC321FEBD3AD003F9D76 /* CriteriaMale.m in Sources */,
				E190CBD21FEBB31B003F9D76 /* DesignPatternTest.m in Sources */,
				E190CC041FEBCB49003F9D76 /* Builder.m in Sources */,
				E199C34D1FF1E2DB00F2DE0A /* TV.m in Sources */,
				E1B73E1920897AAC00CCA774 /* WTYSortAlgorithm.m in Sources */,
				C838F7581D3CDF5B002A3D71 /* ViewController.m in Sources */,
				E199C34A1FF1E2CA00F2DE0A /* HouseHoldAppliances.m in Sources */,
				E190CBF31FEBC479003F9D76 /* AbstractFactory.m in Sources */,
				E199C3501FF1E2E400F2DE0A /* Light.m in Sources */,
				E190CC591FF0AB2A003F9D76 /* AndroidMonkey.m in Sources */,
				E190CBF51FEBC479003F9D76 /* ZDShape.m in Sources */,
				E199C3561FF4840200F2DE0A /* Subject.m in Sources */,
				E199C3651FF48B3B00F2DE0A /* Memento.m in Sources */,
				E199C35C1FF488CD00F2DE0A /* User.m in Sources */,
				E190CC471FEBDF60003F9D76 /* StopState.m in Sources */,
				E190CC161FEBCBD5003F9D76 /* Wrapper.m in Sources */,
				E190CC0D1FEBCB87003F9D76 /* Packing.m in Sources */,
				E199C3441FF1E28B00F2DE0A /* TVOnCommand.m in Sources */,
				E190CBC31FEBB1BD003F9D76 /* Circle.m in Sources */,
				E190CBCF1FEBB2C1003F9D76 /* ShapeFactory.m in Sources */,
				E190CC131FEBCBAF003F9D76 /* Burger.m in Sources */,
				C838F7551D3CDF5B002A3D71 /* AppDelegate.m in Sources */,
				E190CC1F1FEBCE5A003F9D76 /* Context.m in Sources */,
				E199EA1E20A05D2600A1DD37 /* OpenClosed.m in Sources */,
				E199C3411FF1E21600F2DE0A /* Command.m in Sources */,
				E190CC291FEBD2A8003F9D76 /* AndCriteria.m in Sources */,
				E199C3531FF1E2F600F2DE0A /* MiPhtone.m in Sources */,
				E199C36E1FF4939300F2DE0A /* ConsoleLogger.m in Sources */,
				E190CC3E1FEBDE4A003F9D76 /* ShapeMaker.m in Sources */,
				E190CC011FEBC8BA003F9D76 /* ShapCache.m in Sources */,
				E190CC1C1FEBCE4B003F9D76 /* Strategy.m in Sources */,
				E190CC381FEBDADB003F9D76 /* ShapeDecorator.m in Sources */,
				E190CBFE1FEBC528003F9D76 /* ZDCircle.m in Sources */,
				E190CC101FEBCB96003F9D76 /* MealBuilder.m in Sources */,
				E190CC531FF0AB11003F9D76 /* WinPlatform.m in Sources */,
				E199C3681FF48B4700F2DE0A /* CareTaker.m in Sources */,
				E190CC0A1FEBCB7C003F9D76 /* Item.m in Sources */,
				E190CBC61FEBB1CD003F9D76 /* Square.m in Sources */,
				E190CC191FEBCDE7003F9D76 /* SingleObject.m in Sources */,
				E190CBF81FEBC479003F9D76 /* ZDShapFactory.m in Sources */,
				E190CC2F1FEBD2C7003F9D76 /* Person.m in Sources */,
				C838F7521D3CDF5B002A3D71 /* main.m in Sources */,
				E1DBDE84207F028700CB8A79 /* BinaryTree.m in Sources */,
				E190CC441FEBDF56003F9D76 /* StartState.m in Sources */,
				E190CC261FEBD28E003F9D76 /* Criteria.m in Sources */,
				E190CC4D1FF0AAB9003F9D76 /* Platform.m in Sources */,
				E199C3741FF493A600F2DE0A /* FileLogger.m in Sources */,
				E190CC5C1FF0AB31003F9D76 /* IosMonkey.m in Sources */,
				E190CBFB1FEBC506003F9D76 /* ZDRed.m in Sources */,
				E190CC2C1FEBD2BE003F9D76 /* OrCriteria.m in Sources */,
				E190CC411FEBDF41003F9D76 /* State.m in Sources */,
				E199C3591FF4840E00F2DE0A /* Observer.m in Sources */,
				E190CC351FEBD74E003F9D76 /* CriteriaSingle.m in Sources */,
				E199C3471FF1E29C00F2DE0A /* LightOnCommand.m in Sources */,
				E190CC4A1FEBDF75003F9D76 /* StateContext.m in Sources */,
				E199EA2720A1497100A1DD37 /* LiskovSubstitution.m in Sources */,
				E190CBC91FEBB1D6003F9D76 /* Rectangle.m in Sources */,
				E190CBCC1FEBB26D003F9D76 /* Shape.m in Sources */,
				E199C3621FF48B2E00F2DE0A /* Originator.m in Sources */,
				E190CC561FF0AB1B003F9D76 /* MacPlatform.m in Sources */,
				E199EA2A20A14AFA00A1DD37 /* LawOfDemeter.m in Sources */,
				E190CBF41FEBC479003F9D76 /* ZDColor.m in Sources */,
				E199C3711FF4939D00F2DE0A /* ErrorLogger.m in Sources */,
				E199EA2420A13EC300A1DD37 /* SingleResponsibility.m in Sources */,
				E199EA2120A13E3700A1DD37 /* InterfaceSegregation.m in Sources */,
				E190CC501FF0AAC1003F9D76 /* Monkey.m in Sources */,
				E199C33E1FF1DC3D00F2DE0A /* FlyWeightShapFactory.m in Sources */,
				E1DBDE8D207F174E00CB8A79 /* DataStructureTest.m in Sources */,
				E199C35F1FF488D600F2DE0A /* ChatRoom.m in Sources */,
				E199EA1B20A0538400A1DD37 /* DependenceInversion.m in Sources */,
				E190CBF61FEBC479003F9D76 /* FactoryProducer.m in Sources */,
				E199C36B1FF4925200F2DE0A /* AbstractLogger.m in Sources */,
			);
			runOnlyForDeploymentPostprocessing = 0;
		};
		C838F7621D3CDF5B002A3D71 /* Sources */ = {
			isa = PBXSourcesBuildPhase;
			buildActionMask = 2147483647;
			files = (
				E1B73E1B2089835A00CCA774 /* WTYSortAlgorithmTestCase.m in Sources */,
				E1DBDE8F207F409600CB8A79 /* BinaryTreeTestCase.m in Sources */,
				C838F7841D3CDF8D002A3D71 /* NSArrayTestCase.m in Sources */,
				C838F76B1D3CDF5B002A3D71 /* ClassAPITestTests.m in Sources */,
			);
			runOnlyForDeploymentPostprocessing = 0;
		};
		C838F76D1D3CDF5B002A3D71 /* Sources */ = {
			isa = PBXSourcesBuildPhase;
			buildActionMask = 2147483647;
			files = (
				C838F7761D3CDF5B002A3D71 /* ClassAPITestUITests.m in Sources */,
			);
			runOnlyForDeploymentPostprocessing = 0;
		};
/* End PBXSourcesBuildPhase section */

/* Begin PBXTargetDependency section */
		C838F7681D3CDF5B002A3D71 /* PBXTargetDependency */ = {
			isa = PBXTargetDependency;
			target = C838F74C1D3CDF5B002A3D71 /* ClassAPITest */;
			targetProxy = C838F7671D3CDF5B002A3D71 /* PBXContainerItemProxy */;
		};
		C838F7731D3CDF5B002A3D71 /* PBXTargetDependency */ = {
			isa = PBXTargetDependency;
			target = C838F74C1D3CDF5B002A3D71 /* ClassAPITest */;
			targetProxy = C838F7721D3CDF5B002A3D71 /* PBXContainerItemProxy */;
		};
/* End PBXTargetDependency section */

/* Begin PBXVariantGroup section */
		C838F7591D3CDF5B002A3D71 /* Main.storyboard */ = {
			isa = PBXVariantGroup;
			children = (
				C838F75A1D3CDF5B002A3D71 /* Base */,
			);
			name = Main.storyboard;
			sourceTree = "<group>";
		};
		C838F75E1D3CDF5B002A3D71 /* LaunchScreen.storyboard */ = {
			isa = PBXVariantGroup;
			children = (
				C838F75F1D3CDF5B002A3D71 /* Base */,
			);
			name = LaunchScreen.storyboard;
			sourceTree = "<group>";
		};
/* End PBXVariantGroup section */

/* Begin XCBuildConfiguration section */
		C838F7781D3CDF5B002A3D71 /* Debug */ = {
			isa = XCBuildConfiguration;
			buildSettings = {
				ALWAYS_SEARCH_USER_PATHS = NO;
				CLANG_ANALYZER_NONNULL = YES;
				CLANG_CXX_LANGUAGE_STANDARD = "gnu++0x";
				CLANG_CXX_LIBRARY = "libc++";
				CLANG_ENABLE_MODULES = YES;
				CLANG_ENABLE_OBJC_ARC = YES;
				CLANG_WARN_BOOL_CONVERSION = YES;
				CLANG_WARN_CONSTANT_CONVERSION = YES;
				CLANG_WARN_DIRECT_OBJC_ISA_USAGE = YES_ERROR;
				CLANG_WARN_EMPTY_BODY = YES;
				CLANG_WARN_ENUM_CONVERSION = YES;
				CLANG_WARN_INT_CONVERSION = YES;
				CLANG_WARN_OBJC_ROOT_CLASS = YES_ERROR;
				CLANG_WARN_UNREACHABLE_CODE = YES;
				CLANG_WARN__DUPLICATE_METHOD_MATCH = YES;
				"CODE_SIGN_IDENTITY[sdk=iphoneos*]" = "iPhone Developer";
				COPY_PHASE_STRIP = NO;
				DEBUG_INFORMATION_FORMAT = dwarf;
				ENABLE_STRICT_OBJC_MSGSEND = YES;
				ENABLE_TESTABILITY = YES;
				GCC_C_LANGUAGE_STANDARD = gnu99;
				GCC_DYNAMIC_NO_PIC = NO;
				GCC_NO_COMMON_BLOCKS = YES;
				GCC_OPTIMIZATION_LEVEL = 0;
				GCC_PREPROCESSOR_DEFINITIONS = (
					"DEBUG=1",
					"$(inherited)",
				);
				GCC_WARN_64_TO_32_BIT_CONVERSION = YES;
				GCC_WARN_ABOUT_RETURN_TYPE = YES_ERROR;
				GCC_WARN_UNDECLARED_SELECTOR = YES;
				GCC_WARN_UNINITIALIZED_AUTOS = YES_AGGRESSIVE;
				GCC_WARN_UNUSED_FUNCTION = YES;
				GCC_WARN_UNUSED_VARIABLE = YES;
				IPHONEOS_DEPLOYMENT_TARGET = 9.3;
				MTL_ENABLE_DEBUG_INFO = YES;
				ONLY_ACTIVE_ARCH = YES;
				SDKROOT = iphoneos;
			};
			name = Debug;
		};
		C838F7791D3CDF5B002A3D71 /* Release */ = {
			isa = XCBuildConfiguration;
			buildSettings = {
				ALWAYS_SEARCH_USER_PATHS = NO;
				CLANG_ANALYZER_NONNULL = YES;
				CLANG_CXX_LANGUAGE_STANDARD = "gnu++0x";
				CLANG_CXX_LIBRARY = "libc++";
				CLANG_ENABLE_MODULES = YES;
				CLANG_ENABLE_OBJC_ARC = YES;
				CLANG_WARN_BOOL_CONVERSION = YES;
				CLANG_WARN_CONSTANT_CONVERSION = YES;
				CLANG_WARN_DIRECT_OBJC_ISA_USAGE = YES_ERROR;
				CLANG_WARN_EMPTY_BODY = YES;
				CLANG_WARN_ENUM_CONVERSION = YES;
				CLANG_WARN_INT_CONVERSION = YES;
				CLANG_WARN_OBJC_ROOT_CLASS = YES_ERROR;
				CLANG_WARN_UNREACHABLE_CODE = YES;
				CLANG_WARN__DUPLICATE_METHOD_MATCH = YES;
				"CODE_SIGN_IDENTITY[sdk=iphoneos*]" = "iPhone Developer";
				COPY_PHASE_STRIP = NO;
				DEBUG_INFORMATION_FORMAT = "dwarf-with-dsym";
				ENABLE_NS_ASSERTIONS = NO;
				ENABLE_STRICT_OBJC_MSGSEND = YES;
				GCC_C_LANGUAGE_STANDARD = gnu99;
				GCC_NO_COMMON_BLOCKS = YES;
				GCC_WARN_64_TO_32_BIT_CONVERSION = YES;
				GCC_WARN_ABOUT_RETURN_TYPE = YES_ERROR;
				GCC_WARN_UNDECLARED_SELECTOR = YES;
				GCC_WARN_UNINITIALIZED_AUTOS = YES_AGGRESSIVE;
				GCC_WARN_UNUSED_FUNCTION = YES;
				GCC_WARN_UNUSED_VARIABLE = YES;
				IPHONEOS_DEPLOYMENT_TARGET = 9.3;
				MTL_ENABLE_DEBUG_INFO = NO;
				SDKROOT = iphoneos;
				VALIDATE_PRODUCT = YES;
			};
			name = Release;
		};
		C838F77B1D3CDF5B002A3D71 /* Debug */ = {
			isa = XCBuildConfiguration;
			buildSettings = {
				ASSETCATALOG_COMPILER_APPICON_NAME = AppIcon;
				DEVELOPMENT_TEAM = 56DB234WRR;
				INFOPLIST_FILE = ClassAPITest/Info.plist;
				LD_RUNPATH_SEARCH_PATHS = "$(inherited) @executable_path/Frameworks";
				PRODUCT_BUNDLE_IDENTIFIER = com.zhidian.ClassAPITest;
				PRODUCT_NAME = "$(TARGET_NAME)";
			};
			name = Debug;
		};
		C838F77C1D3CDF5B002A3D71 /* Release */ = {
			isa = XCBuildConfiguration;
			buildSettings = {
				ASSETCATALOG_COMPILER_APPICON_NAME = AppIcon;
				DEVELOPMENT_TEAM = 56DB234WRR;
				INFOPLIST_FILE = ClassAPITest/Info.plist;
				LD_RUNPATH_SEARCH_PATHS = "$(inherited) @executable_path/Frameworks";
				PRODUCT_BUNDLE_IDENTIFIER = com.zhidian.ClassAPITest;
				PRODUCT_NAME = "$(TARGET_NAME)";
			};
			name = Release;
		};
		C838F77E1D3CDF5B002A3D71 /* Debug */ = {
			isa = XCBuildConfiguration;
			buildSettings = {
				BUNDLE_LOADER = "$(TEST_HOST)";
				INFOPLIST_FILE = ClassAPITestTests/Info.plist;
				LD_RUNPATH_SEARCH_PATHS = "$(inherited) @executable_path/Frameworks @loader_path/Frameworks";
				PRODUCT_BUNDLE_IDENTIFIER = com.xiaoma.ClassAPITestTests;
				PRODUCT_NAME = "$(TARGET_NAME)";
				TEST_HOST = "$(BUILT_PRODUCTS_DIR)/ClassAPITest.app/ClassAPITest";
			};
			name = Debug;
		};
		C838F77F1D3CDF5B002A3D71 /* Release */ = {
			isa = XCBuildConfiguration;
			buildSettings = {
				BUNDLE_LOADER = "$(TEST_HOST)";
				INFOPLIST_FILE = ClassAPITestTests/Info.plist;
				LD_RUNPATH_SEARCH_PATHS = "$(inherited) @executable_path/Frameworks @loader_path/Frameworks";
				PRODUCT_BUNDLE_IDENTIFIER = com.xiaoma.ClassAPITestTests;
				PRODUCT_NAME = "$(TARGET_NAME)";
				TEST_HOST = "$(BUILT_PRODUCTS_DIR)/ClassAPITest.app/ClassAPITest";
			};
			name = Release;
		};
		C838F7811D3CDF5B002A3D71 /* Debug */ = {
			isa = XCBuildConfiguration;
			buildSettings = {
				INFOPLIST_FILE = ClassAPITestUITests/Info.plist;
				LD_RUNPATH_SEARCH_PATHS = "$(inherited) @executable_path/Frameworks @loader_path/Frameworks";
				PRODUCT_BUNDLE_IDENTIFIER = com.xiaoma.ClassAPITestUITests;
				PRODUCT_NAME = "$(TARGET_NAME)";
				TEST_TARGET_NAME = ClassAPITest;
			};
			name = Debug;
		};
		C838F7821D3CDF5B002A3D71 /* Release */ = {
			isa = XCBuildConfiguration;
			buildSettings = {
				INFOPLIST_FILE = ClassAPITestUITests/Info.plist;
				LD_RUNPATH_SEARCH_PATHS = "$(inherited) @executable_path/Frameworks @loader_path/Frameworks";
				PRODUCT_BUNDLE_IDENTIFIER = com.xiaoma.ClassAPITestUITests;
				PRODUCT_NAME = "$(TARGET_NAME)";
				TEST_TARGET_NAME = ClassAPITest;
			};
			name = Release;
		};
/* End XCBuildConfiguration section */

/* Begin XCConfigurationList section */
		C838F7481D3CDF5B002A3D71 /* Build configuration list for PBXProject "ClassAPITest" */ = {
			isa = XCConfigurationList;
			buildConfigurations = (
				C838F7781D3CDF5B002A3D71 /* Debug */,
				C838F7791D3CDF5B002A3D71 /* Release */,
			);
			defaultConfigurationIsVisible = 0;
			defaultConfigurationName = Release;
		};
		C838F77A1D3CDF5B002A3D71 /* Build configuration list for PBXNativeTarget "ClassAPITest" */ = {
			isa = XCConfigurationList;
			buildConfigurations = (
				C838F77B1D3CDF5B002A3D71 /* Debug */,
				C838F77C1D3CDF5B002A3D71 /* Release */,
			);
			defaultConfigurationIsVisible = 0;
			defaultConfigurationName = Release;
		};
		C838F77D1D3CDF5B002A3D71 /* Build configuration list for PBXNativeTarget "ClassAPITestTests" */ = {
			isa = XCConfigurationList;
			buildConfigurations = (
				C838F77E1D3CDF5B002A3D71 /* Debug */,
				C838F77F1D3CDF5B002A3D71 /* Release */,
			);
			defaultConfigurationIsVisible = 0;
			defaultConfigurationName = Release;
		};
		C838F7801D3CDF5B002A3D71 /* Build configuration list for PBXNativeTarget "ClassAPITestUITests" */ = {
			isa = XCConfigurationList;
			buildConfigurations = (
				C838F7811D3CDF5B002A3D71 /* Debug */,
				C838F7821D3CDF5B002A3D71 /* Release */,
			);
			defaultConfigurationIsVisible = 0;
			defaultConfigurationName = Release;
		};
/* End XCConfigurationList section */
	};
	rootObject = C838F7451D3CDF5B002A3D71 /* Project object */;
}
